// !$*UTF8*$!
{
	archiveVersion = 1;
	classes = {
	};
	objectVersion = 50;
	objects = {

/* Begin PBXBuildFile section */
		D528989221AF93F300AEFC97 /* Enemy2.swift in Sources */ = {isa = PBXBuildFile; fileRef = D528989121AF93F300AEFC97 /* Enemy2.swift */; };
		D528989321AF93F300AEFC97 /* Enemy2.swift in Sources */ = {isa = PBXBuildFile; fileRef = D528989121AF93F300AEFC97 /* Enemy2.swift */; };
		D538719E21D3C3DD0028B8EB /* CartoonExplosion.sks in Resources */ = {isa = PBXBuildFile; fileRef = D554C7C021A29E3100182716 /* CartoonExplosion.sks */; };
		D53F46FA219FFB9F00672A42 /* HeroShip.atlas in Resources */ = {isa = PBXBuildFile; fileRef = D53F46F9219FFB9F00672A42 /* HeroShip.atlas */; };
		D53F46FC219FFC3500672A42 /* Player.swift in Sources */ = {isa = PBXBuildFile; fileRef = D53F46FB219FFC3500672A42 /* Player.swift */; };
		D53F46FD219FFC3500672A42 /* Player.swift in Sources */ = {isa = PBXBuildFile; fileRef = D53F46FB219FFC3500672A42 /* Player.swift */; };
		D53F470021A0C96B00672A42 /* GeometryHelpers.swift in Sources */ = {isa = PBXBuildFile; fileRef = D53F46FF21A0C96B00672A42 /* GeometryHelpers.swift */; };
		D53F470121A0C96B00672A42 /* GeometryHelpers.swift in Sources */ = {isa = PBXBuildFile; fileRef = D53F46FF21A0C96B00672A42 /* GeometryHelpers.swift */; };
		D53F472221A1036900672A42 /* PhysicsType.swift in Sources */ = {isa = PBXBuildFile; fileRef = D53F472121A1036900672A42 /* PhysicsType.swift */; };
		D53F472321A1036900672A42 /* PhysicsType.swift in Sources */ = {isa = PBXBuildFile; fileRef = D53F472121A1036900672A42 /* PhysicsType.swift */; };
		D53F472621A1228C00672A42 /* EntityManager.swift in Sources */ = {isa = PBXBuildFile; fileRef = D53F472521A1228C00672A42 /* EntityManager.swift */; };
		D53F472721A1228C00672A42 /* EntityManager.swift in Sources */ = {isa = PBXBuildFile; fileRef = D53F472521A1228C00672A42 /* EntityManager.swift */; };
		D53F472921A1277300672A42 /* FiringComponent.swift in Sources */ = {isa = PBXBuildFile; fileRef = D53F472821A1277300672A42 /* FiringComponent.swift */; };
		D53F472A21A1277300672A42 /* FiringComponent.swift in Sources */ = {isa = PBXBuildFile; fileRef = D53F472821A1277300672A42 /* FiringComponent.swift */; };
		D53F472C21A127C900672A42 /* TeamComponent.swift in Sources */ = {isa = PBXBuildFile; fileRef = D53F472B21A127C900672A42 /* TeamComponent.swift */; };
		D53F472D21A127C900672A42 /* TeamComponent.swift in Sources */ = {isa = PBXBuildFile; fileRef = D53F472B21A127C900672A42 /* TeamComponent.swift */; };
		D53F473021A133F000672A42 /* Projectile.swift in Sources */ = {isa = PBXBuildFile; fileRef = D53F472F21A133F000672A42 /* Projectile.swift */; };
		D53F473121A133F000672A42 /* Projectile.swift in Sources */ = {isa = PBXBuildFile; fileRef = D53F472F21A133F000672A42 /* Projectile.swift */; };
		D554C71121A2332B00182716 /* TouchComponent.swift in Sources */ = {isa = PBXBuildFile; fileRef = D554C71021A2332B00182716 /* TouchComponent.swift */; };
		D554C71321A2334200182716 /* KeyboardComponent.swift in Sources */ = {isa = PBXBuildFile; fileRef = D554C71221A2334200182716 /* KeyboardComponent.swift */; };
		D554C71521A24A6400182716 /* Enemy1.swift in Sources */ = {isa = PBXBuildFile; fileRef = D554C71421A24A6400182716 /* Enemy1.swift */; };
		D554C71621A24A6400182716 /* Enemy1.swift in Sources */ = {isa = PBXBuildFile; fileRef = D554C71421A24A6400182716 /* Enemy1.swift */; };
		D554C71821A2506A00182716 /* EnemyManager.swift in Sources */ = {isa = PBXBuildFile; fileRef = D554C71721A2506A00182716 /* EnemyManager.swift */; };
		D554C71921A2506A00182716 /* EnemyManager.swift in Sources */ = {isa = PBXBuildFile; fileRef = D554C71721A2506A00182716 /* EnemyManager.swift */; };
		D554C71B21A25A8A00182716 /* Explosion.swift in Sources */ = {isa = PBXBuildFile; fileRef = D554C71A21A25A8A00182716 /* Explosion.swift */; };
		D554C71C21A25A8A00182716 /* Explosion.swift in Sources */ = {isa = PBXBuildFile; fileRef = D554C71A21A25A8A00182716 /* Explosion.swift */; };
		D554C71E21A25D9B00182716 /* NodeComponent.swift in Sources */ = {isa = PBXBuildFile; fileRef = D554C71D21A25D9B00182716 /* NodeComponent.swift */; };
		D554C71F21A25D9B00182716 /* NodeComponent.swift in Sources */ = {isa = PBXBuildFile; fileRef = D554C71D21A25D9B00182716 /* NodeComponent.swift */; };
		D554C72121A266BC00182716 /* EntityWithSpriteComponent.swift in Sources */ = {isa = PBXBuildFile; fileRef = D554C72021A266BC00182716 /* EntityWithSpriteComponent.swift */; };
		D554C72221A266BC00182716 /* EntityWithSpriteComponent.swift in Sources */ = {isa = PBXBuildFile; fileRef = D554C72021A266BC00182716 /* EntityWithSpriteComponent.swift */; };
		D554C75F21A27D9E00182716 /* BossOne.atlas in Resources */ = {isa = PBXBuildFile; fileRef = D554C75021A27D9D00182716 /* BossOne.atlas */; };
		D554C76121A27D9E00182716 /* BossFour.atlas in Resources */ = {isa = PBXBuildFile; fileRef = D554C75121A27D9D00182716 /* BossFour.atlas */; };
		D554C76221A27D9E00182716 /* SpaceShipFive.atlas in Resources */ = {isa = PBXBuildFile; fileRef = D554C75221A27D9D00182716 /* SpaceShipFive.atlas */; };
		D554C76321A27D9E00182716 /* SpaceShipFive.atlas in Resources */ = {isa = PBXBuildFile; fileRef = D554C75221A27D9D00182716 /* SpaceShipFive.atlas */; };
		D554C76421A27D9E00182716 /* SpaceShipSeven.atlas in Resources */ = {isa = PBXBuildFile; fileRef = D554C75321A27D9D00182716 /* SpaceShipSeven.atlas */; };
		D554C76521A27D9E00182716 /* SpaceShipSeven.atlas in Resources */ = {isa = PBXBuildFile; fileRef = D554C75321A27D9D00182716 /* SpaceShipSeven.atlas */; };
		D554C76621A27D9E00182716 /* SpaceShipNine.atlas in Resources */ = {isa = PBXBuildFile; fileRef = D554C75421A27D9D00182716 /* SpaceShipNine.atlas */; };
		D554C76721A27D9E00182716 /* SpaceShipNine.atlas in Resources */ = {isa = PBXBuildFile; fileRef = D554C75421A27D9D00182716 /* SpaceShipNine.atlas */; };
		D554C76921A27D9E00182716 /* BossThree.atlas in Resources */ = {isa = PBXBuildFile; fileRef = D554C75521A27D9D00182716 /* BossThree.atlas */; };
		D554C76A21A27D9E00182716 /* SpaceShipThree.atlas in Resources */ = {isa = PBXBuildFile; fileRef = D554C75621A27D9D00182716 /* SpaceShipThree.atlas */; };
		D554C76B21A27D9E00182716 /* SpaceShipThree.atlas in Resources */ = {isa = PBXBuildFile; fileRef = D554C75621A27D9D00182716 /* SpaceShipThree.atlas */; };
		D554C76C21A27D9E00182716 /* SpaceShipSix.atlas in Resources */ = {isa = PBXBuildFile; fileRef = D554C75721A27D9D00182716 /* SpaceShipSix.atlas */; };
		D554C76D21A27D9E00182716 /* SpaceShipSix.atlas in Resources */ = {isa = PBXBuildFile; fileRef = D554C75721A27D9D00182716 /* SpaceShipSix.atlas */; };
		D554C76F21A27D9E00182716 /* BossTwo.atlas in Resources */ = {isa = PBXBuildFile; fileRef = D554C75821A27D9E00182716 /* BossTwo.atlas */; };
		D554C77021A27D9E00182716 /* Rocket.atlas in Resources */ = {isa = PBXBuildFile; fileRef = D554C75921A27D9E00182716 /* Rocket.atlas */; };
		D554C77121A27D9E00182716 /* Rocket.atlas in Resources */ = {isa = PBXBuildFile; fileRef = D554C75921A27D9E00182716 /* Rocket.atlas */; };
		D554C77221A27D9E00182716 /* SpaceShipOne.atlas in Resources */ = {isa = PBXBuildFile; fileRef = D554C75A21A27D9E00182716 /* SpaceShipOne.atlas */; };
		D554C77321A27D9E00182716 /* SpaceShipOne.atlas in Resources */ = {isa = PBXBuildFile; fileRef = D554C75A21A27D9E00182716 /* SpaceShipOne.atlas */; };
		D554C77521A27D9E00182716 /* SpaceShipFour.atlas in Resources */ = {isa = PBXBuildFile; fileRef = D554C75B21A27D9E00182716 /* SpaceShipFour.atlas */; };
		D554C77621A27D9E00182716 /* SpaceShipEight.atlas in Resources */ = {isa = PBXBuildFile; fileRef = D554C75C21A27D9E00182716 /* SpaceShipEight.atlas */; };
		D554C77721A27D9E00182716 /* SpaceShipEight.atlas in Resources */ = {isa = PBXBuildFile; fileRef = D554C75C21A27D9E00182716 /* SpaceShipEight.atlas */; };
		D554C77821A27D9E00182716 /* SpaceShipTwo.atlas in Resources */ = {isa = PBXBuildFile; fileRef = D554C75D21A27D9E00182716 /* SpaceShipTwo.atlas */; };
		D554C77921A27D9E00182716 /* SpaceShipTwo.atlas in Resources */ = {isa = PBXBuildFile; fileRef = D554C75D21A27D9E00182716 /* SpaceShipTwo.atlas */; };
		D554C78721A27DD100182716 /* WhiteShootEffectTwo.atlas in Resources */ = {isa = PBXBuildFile; fileRef = D554C77B21A27DD000182716 /* WhiteShootEffectTwo.atlas */; };
		D554C78821A27DD100182716 /* WhiteShootEffectTwo.atlas in Resources */ = {isa = PBXBuildFile; fileRef = D554C77B21A27DD000182716 /* WhiteShootEffectTwo.atlas */; };
		D554C78921A27DD100182716 /* GreenBulletParticles.atlas in Resources */ = {isa = PBXBuildFile; fileRef = D554C77C21A27DD000182716 /* GreenBulletParticles.atlas */; };
		D554C78A21A27DD100182716 /* GreenBulletParticles.atlas in Resources */ = {isa = PBXBuildFile; fileRef = D554C77C21A27DD000182716 /* GreenBulletParticles.atlas */; };
		D554C78B21A27DD100182716 /* YellowShoot.atlas in Resources */ = {isa = PBXBuildFile; fileRef = D554C77D21A27DD000182716 /* YellowShoot.atlas */; };
		D554C78C21A27DD100182716 /* YellowShoot.atlas in Resources */ = {isa = PBXBuildFile; fileRef = D554C77D21A27DD000182716 /* YellowShoot.atlas */; };
		D554C78D21A27DD100182716 /* BigCollisionEffect.atlas in Resources */ = {isa = PBXBuildFile; fileRef = D554C77E21A27DD100182716 /* BigCollisionEffect.atlas */; };
		D554C78E21A27DD100182716 /* BigCollisionEffect.atlas in Resources */ = {isa = PBXBuildFile; fileRef = D554C77E21A27DD100182716 /* BigCollisionEffect.atlas */; };
		D554C78F21A27DD200182716 /* EnergyField.atlas in Resources */ = {isa = PBXBuildFile; fileRef = D554C77F21A27DD100182716 /* EnergyField.atlas */; };
		D554C79021A27DD200182716 /* EnergyField.atlas in Resources */ = {isa = PBXBuildFile; fileRef = D554C77F21A27DD100182716 /* EnergyField.atlas */; };
		D554C79121A27DD200182716 /* Coin.atlas in Resources */ = {isa = PBXBuildFile; fileRef = D554C78021A27DD100182716 /* Coin.atlas */; };
		D554C79221A27DD200182716 /* Coin.atlas in Resources */ = {isa = PBXBuildFile; fileRef = D554C78021A27DD100182716 /* Coin.atlas */; };
		D554C79321A27DD200182716 /* GreenWhiteBullet.atlas in Resources */ = {isa = PBXBuildFile; fileRef = D554C78121A27DD100182716 /* GreenWhiteBullet.atlas */; };
		D554C79421A27DD200182716 /* GreenWhiteBullet.atlas in Resources */ = {isa = PBXBuildFile; fileRef = D554C78121A27DD100182716 /* GreenWhiteBullet.atlas */; };
		D554C79521A27DD200182716 /* WhiteShootEffect.atlas in Resources */ = {isa = PBXBuildFile; fileRef = D554C78221A27DD100182716 /* WhiteShootEffect.atlas */; };
		D554C79621A27DD200182716 /* WhiteShootEffect.atlas in Resources */ = {isa = PBXBuildFile; fileRef = D554C78221A27DD100182716 /* WhiteShootEffect.atlas */; };
		D554C79721A27DD200182716 /* GreenShoot.atlas in Resources */ = {isa = PBXBuildFile; fileRef = D554C78321A27DD100182716 /* GreenShoot.atlas */; };
		D554C79821A27DD200182716 /* GreenShoot.atlas in Resources */ = {isa = PBXBuildFile; fileRef = D554C78321A27DD100182716 /* GreenShoot.atlas */; };
		D554C79921A27DD200182716 /* Explosion.atlas in Resources */ = {isa = PBXBuildFile; fileRef = D554C78421A27DD100182716 /* Explosion.atlas */; };
		D554C79A21A27DD200182716 /* Explosion.atlas in Resources */ = {isa = PBXBuildFile; fileRef = D554C78421A27DD100182716 /* Explosion.atlas */; };
		D554C79B21A27DD200182716 /* RedBulletParticles.atlas in Resources */ = {isa = PBXBuildFile; fileRef = D554C78521A27DD100182716 /* RedBulletParticles.atlas */; };
		D554C79C21A27DD200182716 /* RedBulletParticles.atlas in Resources */ = {isa = PBXBuildFile; fileRef = D554C78521A27DD100182716 /* RedBulletParticles.atlas */; };
		D554C79D21A27DD200182716 /* RedWhiteBullet.atlas in Resources */ = {isa = PBXBuildFile; fileRef = D554C78621A27DD100182716 /* RedWhiteBullet.atlas */; };
		D554C79E21A27DD200182716 /* RedWhiteBullet.atlas in Resources */ = {isa = PBXBuildFile; fileRef = D554C78621A27DD100182716 /* RedWhiteBullet.atlas */; };
		D554C7A021A27E1700182716 /* Backgrounds.xcassets in Resources */ = {isa = PBXBuildFile; fileRef = D554C79F21A27E1700182716 /* Backgrounds.xcassets */; };
		D554C7A121A27E1700182716 /* Backgrounds.xcassets in Resources */ = {isa = PBXBuildFile; fileRef = D554C79F21A27E1700182716 /* Backgrounds.xcassets */; };
		D554C7B221A2809600182716 /* AnimatedSpriteComponent.swift in Sources */ = {isa = PBXBuildFile; fileRef = D554C7B121A2809600182716 /* AnimatedSpriteComponent.swift */; };
		D554C7B321A2809600182716 /* AnimatedSpriteComponent.swift in Sources */ = {isa = PBXBuildFile; fileRef = D554C7B121A2809600182716 /* AnimatedSpriteComponent.swift */; };
		D554C7B521A283B100182716 /* TextureAsset.swift in Sources */ = {isa = PBXBuildFile; fileRef = D554C7B421A283B100182716 /* TextureAsset.swift */; };
		D554C7B621A283B100182716 /* TextureAsset.swift in Sources */ = {isa = PBXBuildFile; fileRef = D554C7B421A283B100182716 /* TextureAsset.swift */; };
		D554C7B821A2841B00182716 /* SoundAsset.swift in Sources */ = {isa = PBXBuildFile; fileRef = D554C7B721A2841B00182716 /* SoundAsset.swift */; };
		D554C7B921A2841B00182716 /* SoundAsset.swift in Sources */ = {isa = PBXBuildFile; fileRef = D554C7B721A2841B00182716 /* SoundAsset.swift */; };
		D554C7C421A2A3E600182716 /* CartoonExplosion.sks in Resources */ = {isa = PBXBuildFile; fileRef = D554C7C021A29E3100182716 /* CartoonExplosion.sks */; };
		D554C7C621A2B04F00182716 /* TouchEventDelegate.swift in Sources */ = {isa = PBXBuildFile; fileRef = D554C7C521A2B04F00182716 /* TouchEventDelegate.swift */; };
		D5641EA921A3EDFE0029EB60 /* AnimatedEffectNode.swift in Sources */ = {isa = PBXBuildFile; fileRef = D5641EA821A3EDFE0029EB60 /* AnimatedEffectNode.swift */; };
		D5641EAA21A3EDFE0029EB60 /* AnimatedEffectNode.swift in Sources */ = {isa = PBXBuildFile; fileRef = D5641EA821A3EDFE0029EB60 /* AnimatedEffectNode.swift */; };
		D5641EAC21A4FDAF0029EB60 /* GameState.swift in Sources */ = {isa = PBXBuildFile; fileRef = D5641EAB21A4FDAF0029EB60 /* GameState.swift */; };
		D5641EAD21A4FDAF0029EB60 /* GameState.swift in Sources */ = {isa = PBXBuildFile; fileRef = D5641EAB21A4FDAF0029EB60 /* GameState.swift */; };
		D5641EAF21A50F780029EB60 /* Scenes.swift in Sources */ = {isa = PBXBuildFile; fileRef = D5641EAE21A50F780029EB60 /* Scenes.swift */; };
		D5641EB021A50F780029EB60 /* Scenes.swift in Sources */ = {isa = PBXBuildFile; fileRef = D5641EAE21A50F780029EB60 /* Scenes.swift */; };
		D58D244821A3D09D00C94609 /* Thruster.sks in Resources */ = {isa = PBXBuildFile; fileRef = D58D244621A3D09D00C94609 /* Thruster.sks */; };
		D58D244921A3D09D00C94609 /* Thruster.sks in Resources */ = {isa = PBXBuildFile; fileRef = D58D244621A3D09D00C94609 /* Thruster.sks */; };
		D58D245121A3DB1000C94609 /* sfx_twoTone.mp3 in Resources */ = {isa = PBXBuildFile; fileRef = D58D244C21A3DB1000C94609 /* sfx_twoTone.mp3 */; };
		D58D245221A3DB1000C94609 /* sfx_twoTone.mp3 in Resources */ = {isa = PBXBuildFile; fileRef = D58D244C21A3DB1000C94609 /* sfx_twoTone.mp3 */; };
		D58D245321A3DB1000C94609 /* sfx_zap.mp3 in Resources */ = {isa = PBXBuildFile; fileRef = D58D244D21A3DB1000C94609 /* sfx_zap.mp3 */; };
		D58D245421A3DB1000C94609 /* sfx_zap.mp3 in Resources */ = {isa = PBXBuildFile; fileRef = D58D244D21A3DB1000C94609 /* sfx_zap.mp3 */; };
		D58D245521A3DB1000C94609 /* sfx_shieldDown.mp3 in Resources */ = {isa = PBXBuildFile; fileRef = D58D244E21A3DB1000C94609 /* sfx_shieldDown.mp3 */; };
		D58D245621A3DB1000C94609 /* sfx_shieldDown.mp3 in Resources */ = {isa = PBXBuildFile; fileRef = D58D244E21A3DB1000C94609 /* sfx_shieldDown.mp3 */; };
		D58D245721A3DB1000C94609 /* sfx_shieldUp.mp3 in Resources */ = {isa = PBXBuildFile; fileRef = D58D244F21A3DB1000C94609 /* sfx_shieldUp.mp3 */; };
		D58D245821A3DB1000C94609 /* sfx_shieldUp.mp3 in Resources */ = {isa = PBXBuildFile; fileRef = D58D244F21A3DB1000C94609 /* sfx_shieldUp.mp3 */; };
		D58D245921A3DB1000C94609 /* sfx_lose.mp3 in Resources */ = {isa = PBXBuildFile; fileRef = D58D245021A3DB1000C94609 /* sfx_lose.mp3 */; };
		D58D245A21A3DB1000C94609 /* sfx_lose.mp3 in Resources */ = {isa = PBXBuildFile; fileRef = D58D245021A3DB1000C94609 /* sfx_lose.mp3 */; };
		D5AA288F219E408000FB8C2B /* AppDelegate.swift in Sources */ = {isa = PBXBuildFile; fileRef = D5AA288E219E408000FB8C2B /* AppDelegate.swift */; };
		D5AA2891219E408000FB8C2B /* GameViewController.swift in Sources */ = {isa = PBXBuildFile; fileRef = D5AA2890219E408000FB8C2B /* GameViewController.swift */; };
		D5AA2894219E408000FB8C2B /* Main.storyboard in Resources */ = {isa = PBXBuildFile; fileRef = D5AA2892219E408000FB8C2B /* Main.storyboard */; };
		D5AA2897219E408000FB8C2B /* LaunchScreen.storyboard in Resources */ = {isa = PBXBuildFile; fileRef = D5AA2895219E408000FB8C2B /* LaunchScreen.storyboard */; };
		D5AA28A0219E408000FB8C2B /* AppDelegate.swift in Sources */ = {isa = PBXBuildFile; fileRef = D5AA289F219E408000FB8C2B /* AppDelegate.swift */; };
		D5AA28A2219E408000FB8C2B /* GameViewController.swift in Sources */ = {isa = PBXBuildFile; fileRef = D5AA28A1219E408000FB8C2B /* GameViewController.swift */; };
		D5AA28A5219E408000FB8C2B /* Main.storyboard in Resources */ = {isa = PBXBuildFile; fileRef = D5AA28A3219E408000FB8C2B /* Main.storyboard */; };
		D5AA28A7219E408000FB8C2B /* Actions.sks in Resources */ = {isa = PBXBuildFile; fileRef = D5AA2883219E407F00FB8C2B /* Actions.sks */; };
		D5AA28A8219E408000FB8C2B /* Actions.sks in Resources */ = {isa = PBXBuildFile; fileRef = D5AA2883219E407F00FB8C2B /* Actions.sks */; };
		D5AA28AB219E408000FB8C2B /* GameScene.swift in Sources */ = {isa = PBXBuildFile; fileRef = D5AA2885219E407F00FB8C2B /* GameScene.swift */; };
		D5AA28AC219E408000FB8C2B /* GameScene.swift in Sources */ = {isa = PBXBuildFile; fileRef = D5AA2885219E407F00FB8C2B /* GameScene.swift */; };
		D5AA28AD219E408000FB8C2B /* GameAssets.xcassets in Resources */ = {isa = PBXBuildFile; fileRef = D5AA2886219E408000FB8C2B /* GameAssets.xcassets */; };
		D5AA28AE219E408000FB8C2B /* GameAssets.xcassets in Resources */ = {isa = PBXBuildFile; fileRef = D5AA2886219E408000FB8C2B /* GameAssets.xcassets */; };
		D5AA28BA219E49F000FB8C2B /* torpedo.mp3 in Resources */ = {isa = PBXBuildFile; fileRef = D5AA28B8219E49F000FB8C2B /* torpedo.mp3 */; };
		D5AA28BB219E49F000FB8C2B /* torpedo.mp3 in Resources */ = {isa = PBXBuildFile; fileRef = D5AA28B8219E49F000FB8C2B /* torpedo.mp3 */; };
		D5AA28BC219E49F000FB8C2B /* explosion.mp3 in Resources */ = {isa = PBXBuildFile; fileRef = D5AA28B9219E49F000FB8C2B /* explosion.mp3 */; };
		D5AA28BD219E49F000FB8C2B /* explosion.mp3 in Resources */ = {isa = PBXBuildFile; fileRef = D5AA28B9219E49F000FB8C2B /* explosion.mp3 */; };
		D5AA28C3219E4A8E00FB8C2B /* Starfield.sks in Resources */ = {isa = PBXBuildFile; fileRef = D5AA28C1219E4A8E00FB8C2B /* Starfield.sks */; };
		D5AA28C4219E4A8E00FB8C2B /* Starfield.sks in Resources */ = {isa = PBXBuildFile; fileRef = D5AA28C1219E4A8E00FB8C2B /* Starfield.sks */; };
		D5AA28C5219E4A8E00FB8C2B /* Explosion.sks in Resources */ = {isa = PBXBuildFile; fileRef = D5AA28C2219E4A8E00FB8C2B /* Explosion.sks */; };
		D5AA28C6219E4A8E00FB8C2B /* Explosion.sks in Resources */ = {isa = PBXBuildFile; fileRef = D5AA28C2219E4A8E00FB8C2B /* Explosion.sks */; };
		D5AA28CE219E74AB00FB8C2B /* MenuScene.sks in Resources */ = {isa = PBXBuildFile; fileRef = D5AA28CD219E74AB00FB8C2B /* MenuScene.sks */; };
		D5AA28CF219E74AB00FB8C2B /* MenuScene.sks in Resources */ = {isa = PBXBuildFile; fileRef = D5AA28CD219E74AB00FB8C2B /* MenuScene.sks */; };
		D5AA28D1219E77D500FB8C2B /* MenuScene.swift in Sources */ = {isa = PBXBuildFile; fileRef = D5AA28D0219E77D500FB8C2B /* MenuScene.swift */; };
		D5AA28D2219E77D500FB8C2B /* MenuScene.swift in Sources */ = {isa = PBXBuildFile; fileRef = D5AA28D0219E77D500FB8C2B /* MenuScene.swift */; };
		D5AA28D4219E7B9500FB8C2B /* VectorMath.swift in Sources */ = {isa = PBXBuildFile; fileRef = D5AA28D3219E7B9500FB8C2B /* VectorMath.swift */; };
		D5AA28D5219E7B9500FB8C2B /* VectorMath.swift in Sources */ = {isa = PBXBuildFile; fileRef = D5AA28D3219E7B9500FB8C2B /* VectorMath.swift */; };
		D5AA28D8219E87E500FB8C2B /* Keyboard.swift in Sources */ = {isa = PBXBuildFile; fileRef = D5AA28D7219E87E500FB8C2B /* Keyboard.swift */; };
		D5CB754A21D3BD3A0011C42A /* HeroShip.atlas in Resources */ = {isa = PBXBuildFile; fileRef = D53F46F9219FFB9F00672A42 /* HeroShip.atlas */; };
		D5E2FBAA21ACFC910040AC80 /* EnemyWaveCreator.swift in Sources */ = {isa = PBXBuildFile; fileRef = D5E2FBA921ACFC910040AC80 /* EnemyWaveCreator.swift */; };
		D5E2FBAB21ACFC910040AC80 /* EnemyWaveCreator.swift in Sources */ = {isa = PBXBuildFile; fileRef = D5E2FBA921ACFC910040AC80 /* EnemyWaveCreator.swift */; };
		D5E2FBAE21AD20A40040AC80 /* Level1.swift in Sources */ = {isa = PBXBuildFile; fileRef = D5E2FBAD21AD20A40040AC80 /* Level1.swift */; };
		D5E2FBAF21AD20A40040AC80 /* Level1.swift in Sources */ = {isa = PBXBuildFile; fileRef = D5E2FBAD21AD20A40040AC80 /* Level1.swift */; };
/* End PBXBuildFile section */

/* Begin PBXFileReference section */
		D528989121AF93F300AEFC97 /* Enemy2.swift */ = {isa = PBXFileReference; lastKnownFileType = sourcecode.swift; path = Enemy2.swift; sourceTree = "<group>"; };
		D53F46F9219FFB9F00672A42 /* HeroShip.atlas */ = {isa = PBXFileReference; lastKnownFileType = folder.skatlas; path = HeroShip.atlas; sourceTree = "<group>"; };
		D53F46FB219FFC3500672A42 /* Player.swift */ = {isa = PBXFileReference; lastKnownFileType = sourcecode.swift; path = Player.swift; sourceTree = "<group>"; };
		D53F46FF21A0C96B00672A42 /* GeometryHelpers.swift */ = {isa = PBXFileReference; lastKnownFileType = sourcecode.swift; path = GeometryHelpers.swift; sourceTree = "<group>"; };
		D53F472121A1036900672A42 /* PhysicsType.swift */ = {isa = PBXFileReference; lastKnownFileType = sourcecode.swift; path = PhysicsType.swift; sourceTree = "<group>"; };
		D53F472521A1228C00672A42 /* EntityManager.swift */ = {isa = PBXFileReference; lastKnownFileType = sourcecode.swift; path = EntityManager.swift; sourceTree = "<group>"; };
		D53F472821A1277300672A42 /* FiringComponent.swift */ = {isa = PBXFileReference; lastKnownFileType = sourcecode.swift; path = FiringComponent.swift; sourceTree = "<group>"; };
		D53F472B21A127C900672A42 /* TeamComponent.swift */ = {isa = PBXFileReference; lastKnownFileType = sourcecode.swift; path = TeamComponent.swift; sourceTree = "<group>"; };
		D53F472F21A133F000672A42 /* Projectile.swift */ = {isa = PBXFileReference; lastKnownFileType = sourcecode.swift; path = Projectile.swift; sourceTree = "<group>"; };
		D554C71021A2332B00182716 /* TouchComponent.swift */ = {isa = PBXFileReference; lastKnownFileType = sourcecode.swift; path = TouchComponent.swift; sourceTree = "<group>"; };
		D554C71221A2334200182716 /* KeyboardComponent.swift */ = {isa = PBXFileReference; lastKnownFileType = sourcecode.swift; path = KeyboardComponent.swift; sourceTree = "<group>"; };
		D554C71421A24A6400182716 /* Enemy1.swift */ = {isa = PBXFileReference; lastKnownFileType = sourcecode.swift; path = Enemy1.swift; sourceTree = "<group>"; };
		D554C71721A2506A00182716 /* EnemyManager.swift */ = {isa = PBXFileReference; lastKnownFileType = sourcecode.swift; path = EnemyManager.swift; sourceTree = "<group>"; };
		D554C71A21A25A8A00182716 /* Explosion.swift */ = {isa = PBXFileReference; lastKnownFileType = sourcecode.swift; path = Explosion.swift; sourceTree = "<group>"; };
		D554C71D21A25D9B00182716 /* NodeComponent.swift */ = {isa = PBXFileReference; lastKnownFileType = sourcecode.swift; path = NodeComponent.swift; sourceTree = "<group>"; };
		D554C72021A266BC00182716 /* EntityWithSpriteComponent.swift */ = {isa = PBXFileReference; lastKnownFileType = sourcecode.swift; path = EntityWithSpriteComponent.swift; sourceTree = "<group>"; };
		D554C72321A26F4900182716 /* README.md */ = {isa = PBXFileReference; lastKnownFileType = net.daringfireball.markdown; path = README.md; sourceTree = "<group>"; };
		D554C75021A27D9D00182716 /* BossOne.atlas */ = {isa = PBXFileReference; lastKnownFileType = folder.skatlas; path = BossOne.atlas; sourceTree = "<group>"; };
		D554C75121A27D9D00182716 /* BossFour.atlas */ = {isa = PBXFileReference; lastKnownFileType = folder.skatlas; path = BossFour.atlas; sourceTree = "<group>"; };
		D554C75221A27D9D00182716 /* SpaceShipFive.atlas */ = {isa = PBXFileReference; lastKnownFileType = folder.skatlas; path = SpaceShipFive.atlas; sourceTree = "<group>"; };
		D554C75321A27D9D00182716 /* SpaceShipSeven.atlas */ = {isa = PBXFileReference; lastKnownFileType = folder.skatlas; path = SpaceShipSeven.atlas; sourceTree = "<group>"; };
		D554C75421A27D9D00182716 /* SpaceShipNine.atlas */ = {isa = PBXFileReference; lastKnownFileType = folder.skatlas; path = SpaceShipNine.atlas; sourceTree = "<group>"; };
		D554C75521A27D9D00182716 /* BossThree.atlas */ = {isa = PBXFileReference; lastKnownFileType = folder.skatlas; path = BossThree.atlas; sourceTree = "<group>"; };
		D554C75621A27D9D00182716 /* SpaceShipThree.atlas */ = {isa = PBXFileReference; lastKnownFileType = folder.skatlas; path = SpaceShipThree.atlas; sourceTree = "<group>"; };
		D554C75721A27D9D00182716 /* SpaceShipSix.atlas */ = {isa = PBXFileReference; lastKnownFileType = folder.skatlas; path = SpaceShipSix.atlas; sourceTree = "<group>"; };
		D554C75821A27D9E00182716 /* BossTwo.atlas */ = {isa = PBXFileReference; lastKnownFileType = folder.skatlas; path = BossTwo.atlas; sourceTree = "<group>"; };
		D554C75921A27D9E00182716 /* Rocket.atlas */ = {isa = PBXFileReference; lastKnownFileType = folder.skatlas; path = Rocket.atlas; sourceTree = "<group>"; };
		D554C75A21A27D9E00182716 /* SpaceShipOne.atlas */ = {isa = PBXFileReference; lastKnownFileType = folder.skatlas; path = SpaceShipOne.atlas; sourceTree = "<group>"; };
		D554C75B21A27D9E00182716 /* SpaceShipFour.atlas */ = {isa = PBXFileReference; lastKnownFileType = folder.skatlas; path = SpaceShipFour.atlas; sourceTree = "<group>"; };
		D554C75C21A27D9E00182716 /* SpaceShipEight.atlas */ = {isa = PBXFileReference; lastKnownFileType = folder.skatlas; path = SpaceShipEight.atlas; sourceTree = "<group>"; };
		D554C75D21A27D9E00182716 /* SpaceShipTwo.atlas */ = {isa = PBXFileReference; lastKnownFileType = folder.skatlas; path = SpaceShipTwo.atlas; sourceTree = "<group>"; };
		D554C77B21A27DD000182716 /* WhiteShootEffectTwo.atlas */ = {isa = PBXFileReference; lastKnownFileType = folder.skatlas; path = WhiteShootEffectTwo.atlas; sourceTree = "<group>"; };
		D554C77C21A27DD000182716 /* GreenBulletParticles.atlas */ = {isa = PBXFileReference; lastKnownFileType = folder.skatlas; path = GreenBulletParticles.atlas; sourceTree = "<group>"; };
		D554C77D21A27DD000182716 /* YellowShoot.atlas */ = {isa = PBXFileReference; lastKnownFileType = folder.skatlas; path = YellowShoot.atlas; sourceTree = "<group>"; };
		D554C77E21A27DD100182716 /* BigCollisionEffect.atlas */ = {isa = PBXFileReference; lastKnownFileType = folder.skatlas; path = BigCollisionEffect.atlas; sourceTree = "<group>"; };
		D554C77F21A27DD100182716 /* EnergyField.atlas */ = {isa = PBXFileReference; lastKnownFileType = folder.skatlas; path = EnergyField.atlas; sourceTree = "<group>"; };
		D554C78021A27DD100182716 /* Coin.atlas */ = {isa = PBXFileReference; lastKnownFileType = folder.skatlas; path = Coin.atlas; sourceTree = "<group>"; };
		D554C78121A27DD100182716 /* GreenWhiteBullet.atlas */ = {isa = PBXFileReference; lastKnownFileType = folder.skatlas; path = GreenWhiteBullet.atlas; sourceTree = "<group>"; };
		D554C78221A27DD100182716 /* WhiteShootEffect.atlas */ = {isa = PBXFileReference; lastKnownFileType = folder.skatlas; path = WhiteShootEffect.atlas; sourceTree = "<group>"; };
		D554C78321A27DD100182716 /* GreenShoot.atlas */ = {isa = PBXFileReference; lastKnownFileType = folder.skatlas; path = GreenShoot.atlas; sourceTree = "<group>"; };
		D554C78421A27DD100182716 /* Explosion.atlas */ = {isa = PBXFileReference; lastKnownFileType = folder.skatlas; path = Explosion.atlas; sourceTree = "<group>"; };
		D554C78521A27DD100182716 /* RedBulletParticles.atlas */ = {isa = PBXFileReference; lastKnownFileType = folder.skatlas; path = RedBulletParticles.atlas; sourceTree = "<group>"; };
		D554C78621A27DD100182716 /* RedWhiteBullet.atlas */ = {isa = PBXFileReference; lastKnownFileType = folder.skatlas; path = RedWhiteBullet.atlas; sourceTree = "<group>"; };
		D554C79F21A27E1700182716 /* Backgrounds.xcassets */ = {isa = PBXFileReference; lastKnownFileType = folder.assetcatalog; path = Backgrounds.xcassets; sourceTree = "<group>"; };
		D554C7B121A2809600182716 /* AnimatedSpriteComponent.swift */ = {isa = PBXFileReference; lastKnownFileType = sourcecode.swift; path = AnimatedSpriteComponent.swift; sourceTree = "<group>"; };
		D554C7B421A283B100182716 /* TextureAsset.swift */ = {isa = PBXFileReference; lastKnownFileType = sourcecode.swift; path = TextureAsset.swift; sourceTree = "<group>"; };
		D554C7B721A2841B00182716 /* SoundAsset.swift */ = {isa = PBXFileReference; lastKnownFileType = sourcecode.swift; path = SoundAsset.swift; sourceTree = "<group>"; };
		D554C7C021A29E3100182716 /* CartoonExplosion.sks */ = {isa = PBXFileReference; lastKnownFileType = file.sks; path = CartoonExplosion.sks; sourceTree = "<group>"; };
		D554C7C521A2B04F00182716 /* TouchEventDelegate.swift */ = {isa = PBXFileReference; lastKnownFileType = sourcecode.swift; path = TouchEventDelegate.swift; sourceTree = "<group>"; };
		D5641EA821A3EDFE0029EB60 /* AnimatedEffectNode.swift */ = {isa = PBXFileReference; lastKnownFileType = sourcecode.swift; path = AnimatedEffectNode.swift; sourceTree = "<group>"; };
		D5641EAB21A4FDAF0029EB60 /* GameState.swift */ = {isa = PBXFileReference; lastKnownFileType = sourcecode.swift; path = GameState.swift; sourceTree = "<group>"; };
		D5641EAE21A50F780029EB60 /* Scenes.swift */ = {isa = PBXFileReference; lastKnownFileType = sourcecode.swift; path = Scenes.swift; sourceTree = "<group>"; };
		D58D244621A3D09D00C94609 /* Thruster.sks */ = {isa = PBXFileReference; lastKnownFileType = file.sks; path = Thruster.sks; sourceTree = "<group>"; };
		D58D244C21A3DB1000C94609 /* sfx_twoTone.mp3 */ = {isa = PBXFileReference; lastKnownFileType = audio.mp3; path = sfx_twoTone.mp3; sourceTree = "<group>"; };
		D58D244D21A3DB1000C94609 /* sfx_zap.mp3 */ = {isa = PBXFileReference; lastKnownFileType = audio.mp3; path = sfx_zap.mp3; sourceTree = "<group>"; };
		D58D244E21A3DB1000C94609 /* sfx_shieldDown.mp3 */ = {isa = PBXFileReference; lastKnownFileType = audio.mp3; path = sfx_shieldDown.mp3; sourceTree = "<group>"; };
		D58D244F21A3DB1000C94609 /* sfx_shieldUp.mp3 */ = {isa = PBXFileReference; lastKnownFileType = audio.mp3; path = sfx_shieldUp.mp3; sourceTree = "<group>"; };
		D58D245021A3DB1000C94609 /* sfx_lose.mp3 */ = {isa = PBXFileReference; lastKnownFileType = audio.mp3; path = sfx_lose.mp3; sourceTree = "<group>"; };
		D5AA2883219E407F00FB8C2B /* Actions.sks */ = {isa = PBXFileReference; lastKnownFileType = file.sks; path = Actions.sks; sourceTree = "<group>"; };
		D5AA2885219E407F00FB8C2B /* GameScene.swift */ = {isa = PBXFileReference; lastKnownFileType = sourcecode.swift; path = GameScene.swift; sourceTree = "<group>"; };
		D5AA2886219E408000FB8C2B /* GameAssets.xcassets */ = {isa = PBXFileReference; lastKnownFileType = folder.assetcatalog; path = GameAssets.xcassets; sourceTree = "<group>"; };
		D5AA288B219E408000FB8C2B /* RavenX2.app */ = {isa = PBXFileReference; explicitFileType = wrapper.application; includeInIndex = 0; path = RavenX2.app; sourceTree = BUILT_PRODUCTS_DIR; };
		D5AA288E219E408000FB8C2B /* AppDelegate.swift */ = {isa = PBXFileReference; lastKnownFileType = sourcecode.swift; path = AppDelegate.swift; sourceTree = "<group>"; };
		D5AA2890219E408000FB8C2B /* GameViewController.swift */ = {isa = PBXFileReference; lastKnownFileType = sourcecode.swift; path = GameViewController.swift; sourceTree = "<group>"; };
		D5AA2893219E408000FB8C2B /* Base */ = {isa = PBXFileReference; lastKnownFileType = file.storyboard; name = Base; path = Base.lproj/Main.storyboard; sourceTree = "<group>"; };
		D5AA2896219E408000FB8C2B /* Base */ = {isa = PBXFileReference; lastKnownFileType = file.storyboard; name = Base; path = Base.lproj/LaunchScreen.storyboard; sourceTree = "<group>"; };
		D5AA2898219E408000FB8C2B /* Info.plist */ = {isa = PBXFileReference; lastKnownFileType = text.plist.xml; path = Info.plist; sourceTree = "<group>"; };
		D5AA289D219E408000FB8C2B /* RavenX2.app */ = {isa = PBXFileReference; explicitFileType = wrapper.application; includeInIndex = 0; path = RavenX2.app; sourceTree = BUILT_PRODUCTS_DIR; };
		D5AA289F219E408000FB8C2B /* AppDelegate.swift */ = {isa = PBXFileReference; lastKnownFileType = sourcecode.swift; path = AppDelegate.swift; sourceTree = "<group>"; };
		D5AA28A1219E408000FB8C2B /* GameViewController.swift */ = {isa = PBXFileReference; lastKnownFileType = sourcecode.swift; path = GameViewController.swift; sourceTree = "<group>"; };
		D5AA28A4219E408000FB8C2B /* Base */ = {isa = PBXFileReference; lastKnownFileType = file.storyboard; name = Base; path = Base.lproj/Main.storyboard; sourceTree = "<group>"; };
		D5AA28A6219E408000FB8C2B /* Info.plist */ = {isa = PBXFileReference; lastKnownFileType = text.plist.xml; path = Info.plist; sourceTree = "<group>"; };
		D5AA28B8219E49F000FB8C2B /* torpedo.mp3 */ = {isa = PBXFileReference; lastKnownFileType = audio.mp3; path = torpedo.mp3; sourceTree = "<group>"; };
		D5AA28B9219E49F000FB8C2B /* explosion.mp3 */ = {isa = PBXFileReference; lastKnownFileType = audio.mp3; path = explosion.mp3; sourceTree = "<group>"; };
		D5AA28C1219E4A8E00FB8C2B /* Starfield.sks */ = {isa = PBXFileReference; lastKnownFileType = file.sks; path = Starfield.sks; sourceTree = "<group>"; };
		D5AA28C2219E4A8E00FB8C2B /* Explosion.sks */ = {isa = PBXFileReference; lastKnownFileType = file.sks; path = Explosion.sks; sourceTree = "<group>"; };
		D5AA28CD219E74AB00FB8C2B /* MenuScene.sks */ = {isa = PBXFileReference; lastKnownFileType = file.sks; name = MenuScene.sks; path = "RavenX2 Shared/Menu/MenuScene.sks"; sourceTree = SOURCE_ROOT; };
		D5AA28D0219E77D500FB8C2B /* MenuScene.swift */ = {isa = PBXFileReference; lastKnownFileType = sourcecode.swift; path = MenuScene.swift; sourceTree = "<group>"; };
		D5AA28D3219E7B9500FB8C2B /* VectorMath.swift */ = {isa = PBXFileReference; lastKnownFileType = sourcecode.swift; path = VectorMath.swift; sourceTree = "<group>"; };
		D5AA28D7219E87E500FB8C2B /* Keyboard.swift */ = {isa = PBXFileReference; lastKnownFileType = sourcecode.swift; path = Keyboard.swift; sourceTree = "<group>"; };
		D5E2FBA921ACFC910040AC80 /* EnemyWaveCreator.swift */ = {isa = PBXFileReference; lastKnownFileType = sourcecode.swift; path = EnemyWaveCreator.swift; sourceTree = "<group>"; };
		D5E2FBAD21AD20A40040AC80 /* Level1.swift */ = {isa = PBXFileReference; lastKnownFileType = sourcecode.swift; path = Level1.swift; sourceTree = "<group>"; };
/* End PBXFileReference section */

/* Begin PBXFrameworksBuildPhase section */
		D5AA2888219E408000FB8C2B /* Frameworks */ = {
			isa = PBXFrameworksBuildPhase;
			buildActionMask = 2147483647;
			files = (
			);
			runOnlyForDeploymentPostprocessing = 0;
		};
		D5AA289A219E408000FB8C2B /* Frameworks */ = {
			isa = PBXFrameworksBuildPhase;
			buildActionMask = 2147483647;
			files = (
			);
			runOnlyForDeploymentPostprocessing = 0;
		};
/* End PBXFrameworksBuildPhase section */

/* Begin PBXGroup section */
		D53F46FE21A0C91A00672A42 /* Utils */ = {
			isa = PBXGroup;
			children = (
				D5AA28D3219E7B9500FB8C2B /* VectorMath.swift */,
				D53F46FF21A0C96B00672A42 /* GeometryHelpers.swift */,
			);
			path = Utils;
			sourceTree = "<group>";
		};
		D53F470221A0EB1C00672A42 /* Components */ = {
			isa = PBXGroup;
			children = (
				D53F472821A1277300672A42 /* FiringComponent.swift */,
				D53F472B21A127C900672A42 /* TeamComponent.swift */,
				D554C71221A2334200182716 /* KeyboardComponent.swift */,
				D554C71D21A25D9B00182716 /* NodeComponent.swift */,
				D554C7B121A2809600182716 /* AnimatedSpriteComponent.swift */,
			);
			path = Components;
			sourceTree = "<group>";
		};
		D53F472421A1227500672A42 /* Entities */ = {
			isa = PBXGroup;
			children = (
				D53F472521A1228C00672A42 /* EntityManager.swift */,
				D554C72021A266BC00182716 /* EntityWithSpriteComponent.swift */,
				D53F46FB219FFC3500672A42 /* Player.swift */,
				D53F472F21A133F000672A42 /* Projectile.swift */,
				D554C71421A24A6400182716 /* Enemy1.swift */,
				D554C71A21A25A8A00182716 /* Explosion.swift */,
				D528989121AF93F300AEFC97 /* Enemy2.swift */,
			);
			path = Entities;
			sourceTree = "<group>";
		};
		D53F472E21A12E7E00672A42 /* Actions */ = {
			isa = PBXGroup;
			children = (
				D5AA2883219E407F00FB8C2B /* Actions.sks */,
				D5E2FBAD21AD20A40040AC80 /* Level1.swift */,
				D5E2FBA921ACFC910040AC80 /* EnemyWaveCreator.swift */,
			);
			path = Actions;
			sourceTree = "<group>";
		};
		D53F473221A1367400672A42 /* Assets */ = {
			isa = PBXGroup;
			children = (
				D5AA28CB219E745600FB8C2B /* Sounds */,
				D53F473321A1368D00672A42 /* Images */,
			);
			path = Assets;
			sourceTree = "<group>";
		};
		D53F473321A1368D00672A42 /* Images */ = {
			isa = PBXGroup;
			children = (
				D554C7B421A283B100182716 /* TextureAsset.swift */,
				D554C77A21A27DBF00182716 /* Bullets & Explosions */,
				D554C74E21A27D8C00182716 /* Enemies */,
				D5AA2886219E408000FB8C2B /* GameAssets.xcassets */,
				D53F46F9219FFB9F00672A42 /* HeroShip.atlas */,
				D554C79F21A27E1700182716 /* Backgrounds.xcassets */,
			);
			path = Images;
			sourceTree = "<group>";
		};
		D554C74E21A27D8C00182716 /* Enemies */ = {
			isa = PBXGroup;
			children = (
				D554C75121A27D9D00182716 /* BossFour.atlas */,
				D554C75021A27D9D00182716 /* BossOne.atlas */,
				D554C75521A27D9D00182716 /* BossThree.atlas */,
				D554C75821A27D9E00182716 /* BossTwo.atlas */,
				D554C75921A27D9E00182716 /* Rocket.atlas */,
				D554C75C21A27D9E00182716 /* SpaceShipEight.atlas */,
				D554C75221A27D9D00182716 /* SpaceShipFive.atlas */,
				D554C75B21A27D9E00182716 /* SpaceShipFour.atlas */,
				D554C75421A27D9D00182716 /* SpaceShipNine.atlas */,
				D554C75A21A27D9E00182716 /* SpaceShipOne.atlas */,
				D554C75321A27D9D00182716 /* SpaceShipSeven.atlas */,
				D554C75721A27D9D00182716 /* SpaceShipSix.atlas */,
				D554C75621A27D9D00182716 /* SpaceShipThree.atlas */,
				D554C75D21A27D9E00182716 /* SpaceShipTwo.atlas */,
			);
			path = Enemies;
			sourceTree = "<group>";
		};
		D554C77A21A27DBF00182716 /* Bullets & Explosions */ = {
			isa = PBXGroup;
			children = (
				D554C77E21A27DD100182716 /* BigCollisionEffect.atlas */,
				D554C78021A27DD100182716 /* Coin.atlas */,
				D554C77F21A27DD100182716 /* EnergyField.atlas */,
				D554C78421A27DD100182716 /* Explosion.atlas */,
				D554C77C21A27DD000182716 /* GreenBulletParticles.atlas */,
				D554C78321A27DD100182716 /* GreenShoot.atlas */,
				D554C78121A27DD100182716 /* GreenWhiteBullet.atlas */,
				D554C78521A27DD100182716 /* RedBulletParticles.atlas */,
				D554C78621A27DD100182716 /* RedWhiteBullet.atlas */,
				D554C78221A27DD100182716 /* WhiteShootEffect.atlas */,
				D554C77B21A27DD000182716 /* WhiteShootEffectTwo.atlas */,
				D554C77D21A27DD000182716 /* YellowShoot.atlas */,
			);
			path = "Bullets & Explosions";
			sourceTree = "<group>";
		};
		D5AA287D219E407F00FB8C2B = {
			isa = PBXGroup;
			children = (
				D5AA2882219E407F00FB8C2B /* RavenX2 Shared */,
				D5AA288D219E408000FB8C2B /* RavenX2 iOS */,
				D5AA289E219E408000FB8C2B /* RavenX2 macOS */,
				D5AA288C219E408000FB8C2B /* Products */,
				D554C72321A26F4900182716 /* README.md */,
			);
			sourceTree = "<group>";
		};
		D5AA2882219E407F00FB8C2B /* RavenX2 Shared */ = {
			isa = PBXGroup;
			children = (
				D53F472E21A12E7E00672A42 /* Actions */,
				D53F472421A1227500672A42 /* Entities */,
				D53F470221A0EB1C00672A42 /* Components */,
				D53F46FE21A0C91A00672A42 /* Utils */,
				D5AA28D6219E806800FB8C2B /* Menu */,
				D5AA28CC219E745E00FB8C2B /* Emitters */,
				D5AA28CA219E744E00FB8C2B /* Game */,
				D53F473221A1367400672A42 /* Assets */,
				D5641EAB21A4FDAF0029EB60 /* GameState.swift */,
				D5641EAE21A50F780029EB60 /* Scenes.swift */,
			);
			path = "RavenX2 Shared";
			sourceTree = "<group>";
		};
		D5AA288C219E408000FB8C2B /* Products */ = {
			isa = PBXGroup;
			children = (
				D5AA288B219E408000FB8C2B /* RavenX2.app */,
				D5AA289D219E408000FB8C2B /* RavenX2.app */,
			);
			name = Products;
			sourceTree = "<group>";
		};
		D5AA288D219E408000FB8C2B /* RavenX2 iOS */ = {
			isa = PBXGroup;
			children = (
				D554C71021A2332B00182716 /* TouchComponent.swift */,
				D554C7C521A2B04F00182716 /* TouchEventDelegate.swift */,
				D5AA288E219E408000FB8C2B /* AppDelegate.swift */,
				D5AA2890219E408000FB8C2B /* GameViewController.swift */,
				D5AA2892219E408000FB8C2B /* Main.storyboard */,
				D5AA2895219E408000FB8C2B /* LaunchScreen.storyboard */,
				D5AA2898219E408000FB8C2B /* Info.plist */,
			);
			path = "RavenX2 iOS";
			sourceTree = "<group>";
		};
		D5AA289E219E408000FB8C2B /* RavenX2 macOS */ = {
			isa = PBXGroup;
			children = (
				D5AA289F219E408000FB8C2B /* AppDelegate.swift */,
				D5AA28A1219E408000FB8C2B /* GameViewController.swift */,
				D5AA28A3219E408000FB8C2B /* Main.storyboard */,
				D5AA28A6219E408000FB8C2B /* Info.plist */,
				D5AA28D7219E87E500FB8C2B /* Keyboard.swift */,
			);
			path = "RavenX2 macOS";
			sourceTree = "<group>";
		};
		D5AA28CA219E744E00FB8C2B /* Game */ = {
			isa = PBXGroup;
			children = (
				D53F472121A1036900672A42 /* PhysicsType.swift */,
				D5AA2885219E407F00FB8C2B /* GameScene.swift */,
				D554C71721A2506A00182716 /* EnemyManager.swift */,
				D5641EA821A3EDFE0029EB60 /* AnimatedEffectNode.swift */,
			);
			path = Game;
			sourceTree = "<group>";
		};
		D5AA28CB219E745600FB8C2B /* Sounds */ = {
			isa = PBXGroup;
			children = (
				D554C7B721A2841B00182716 /* SoundAsset.swift */,
				D58D245021A3DB1000C94609 /* sfx_lose.mp3 */,
				D58D244E21A3DB1000C94609 /* sfx_shieldDown.mp3 */,
				D58D244F21A3DB1000C94609 /* sfx_shieldUp.mp3 */,
				D58D244C21A3DB1000C94609 /* sfx_twoTone.mp3 */,
				D58D244D21A3DB1000C94609 /* sfx_zap.mp3 */,
				D5AA28B9219E49F000FB8C2B /* explosion.mp3 */,
				D5AA28B8219E49F000FB8C2B /* torpedo.mp3 */,
			);
			path = Sounds;
			sourceTree = "<group>";
		};
		D5AA28CC219E745E00FB8C2B /* Emitters */ = {
			isa = PBXGroup;
			children = (
				D5AA28C2219E4A8E00FB8C2B /* Explosion.sks */,
				D554C7C021A29E3100182716 /* CartoonExplosion.sks */,
				D5AA28C1219E4A8E00FB8C2B /* Starfield.sks */,
				D58D244621A3D09D00C94609 /* Thruster.sks */,
			);
			path = Emitters;
			sourceTree = "<group>";
		};
		D5AA28D6219E806800FB8C2B /* Menu */ = {
			isa = PBXGroup;
			children = (
				D5AA28D0219E77D500FB8C2B /* MenuScene.swift */,
				D5AA28CD219E74AB00FB8C2B /* MenuScene.sks */,
			);
			path = Menu;
			sourceTree = "<group>";
		};
/* End PBXGroup section */

/* Begin PBXNativeTarget section */
		D5AA288A219E408000FB8C2B /* RavenX2 iOS */ = {
			isa = PBXNativeTarget;
			buildConfigurationList = D5AA28B1219E408000FB8C2B /* Build configuration list for PBXNativeTarget "RavenX2 iOS" */;
			buildPhases = (
				D5AA2887219E408000FB8C2B /* Sources */,
				D5AA2888219E408000FB8C2B /* Frameworks */,
				D5AA2889219E408000FB8C2B /* Resources */,
			);
			buildRules = (
			);
			dependencies = (
			);
			name = "RavenX2 iOS";
			productName = "RavenX2 iOS";
			productReference = D5AA288B219E408000FB8C2B /* RavenX2.app */;
			productType = "com.apple.product-type.application";
		};
		D5AA289C219E408000FB8C2B /* RavenX2 macOS */ = {
			isa = PBXNativeTarget;
			buildConfigurationList = D5AA28B4219E408000FB8C2B /* Build configuration list for PBXNativeTarget "RavenX2 macOS" */;
			buildPhases = (
				D5AA2899219E408000FB8C2B /* Sources */,
				D5AA289A219E408000FB8C2B /* Frameworks */,
				D5AA289B219E408000FB8C2B /* Resources */,
			);
			buildRules = (
			);
			dependencies = (
			);
			name = "RavenX2 macOS";
			productName = "RavenX2 macOS";
			productReference = D5AA289D219E408000FB8C2B /* RavenX2.app */;
			productType = "com.apple.product-type.application";
		};
/* End PBXNativeTarget section */

/* Begin PBXProject section */
		D5AA287E219E407F00FB8C2B /* Project object */ = {
			isa = PBXProject;
			attributes = {
				LastSwiftUpdateCheck = 1010;
				LastUpgradeCheck = 1010;
				ORGANIZATIONNAME = "David Idol";
				TargetAttributes = {
					D5AA288A219E408000FB8C2B = {
						CreatedOnToolsVersion = 10.1;
					};
					D5AA289C219E408000FB8C2B = {
						CreatedOnToolsVersion = 10.1;
					};
				};
			};
			buildConfigurationList = D5AA2881219E407F00FB8C2B /* Build configuration list for PBXProject "RavenX2" */;
			compatibilityVersion = "Xcode 9.3";
			developmentRegion = en;
			hasScannedForEncodings = 0;
			knownRegions = (
				en,
				Base,
			);
			mainGroup = D5AA287D219E407F00FB8C2B;
			productRefGroup = D5AA288C219E408000FB8C2B /* Products */;
			projectDirPath = "";
			projectRoot = "";
			targets = (
				D5AA288A219E408000FB8C2B /* RavenX2 iOS */,
				D5AA289C219E408000FB8C2B /* RavenX2 macOS */,
			);
		};
/* End PBXProject section */

/* Begin PBXResourcesBuildPhase section */
		D5AA2889219E408000FB8C2B /* Resources */ = {
			isa = PBXResourcesBuildPhase;
			buildActionMask = 2147483647;
			files = (
				D554C76221A27D9E00182716 /* SpaceShipFive.atlas in Resources */,
				D5AA2894219E408000FB8C2B /* Main.storyboard in Resources */,
				D554C76C21A27D9E00182716 /* SpaceShipSix.atlas in Resources */,
				D5AA28C3219E4A8E00FB8C2B /* Starfield.sks in Resources */,
				D58D245721A3DB1000C94609 /* sfx_shieldUp.mp3 in Resources */,
				D5AA28A7219E408000FB8C2B /* Actions.sks in Resources */,
				D58D245121A3DB1000C94609 /* sfx_twoTone.mp3 in Resources */,
				D554C7A021A27E1700182716 /* Backgrounds.xcassets in Resources */,
				D554C77821A27D9E00182716 /* SpaceShipTwo.atlas in Resources */,
				D58D245921A3DB1000C94609 /* sfx_lose.mp3 in Resources */,
				D554C79121A27DD200182716 /* Coin.atlas in Resources */,
				D5AA2897219E408000FB8C2B /* LaunchScreen.storyboard in Resources */,
				D554C79B21A27DD200182716 /* RedBulletParticles.atlas in Resources */,
				D554C79321A27DD200182716 /* GreenWhiteBullet.atlas in Resources */,
				D554C77021A27D9E00182716 /* Rocket.atlas in Resources */,
				D554C78D21A27DD100182716 /* BigCollisionEffect.atlas in Resources */,
				D554C79921A27DD200182716 /* Explosion.atlas in Resources */,
				D554C78B21A27DD100182716 /* YellowShoot.atlas in Resources */,
				D554C78921A27DD100182716 /* GreenBulletParticles.atlas in Resources */,
				D554C78F21A27DD200182716 /* EnergyField.atlas in Resources */,
				D554C76421A27D9E00182716 /* SpaceShipSeven.atlas in Resources */,
				D5AA28BC219E49F000FB8C2B /* explosion.mp3 in Resources */,
				D58D245321A3DB1000C94609 /* sfx_zap.mp3 in Resources */,
				D554C79521A27DD200182716 /* WhiteShootEffect.atlas in Resources */,
				D554C76621A27D9E00182716 /* SpaceShipNine.atlas in Resources */,
				D554C78721A27DD100182716 /* WhiteShootEffectTwo.atlas in Resources */,
				D5AA28BA219E49F000FB8C2B /* torpedo.mp3 in Resources */,
				D53F46FA219FFB9F00672A42 /* HeroShip.atlas in Resources */,
				D554C77221A27D9E00182716 /* SpaceShipOne.atlas in Resources */,
				D554C79721A27DD200182716 /* GreenShoot.atlas in Resources */,
				D5AA28AD219E408000FB8C2B /* GameAssets.xcassets in Resources */,
				D554C76A21A27D9E00182716 /* SpaceShipThree.atlas in Resources */,
				D58D245521A3DB1000C94609 /* sfx_shieldDown.mp3 in Resources */,
				D554C77621A27D9E00182716 /* SpaceShipEight.atlas in Resources */,
				D5AA28CE219E74AB00FB8C2B /* MenuScene.sks in Resources */,
				D554C7C421A2A3E600182716 /* CartoonExplosion.sks in Resources */,
				D5AA28C5219E4A8E00FB8C2B /* Explosion.sks in Resources */,
				D58D244821A3D09D00C94609 /* Thruster.sks in Resources */,
				D554C79D21A27DD200182716 /* RedWhiteBullet.atlas in Resources */,
			);
			runOnlyForDeploymentPostprocessing = 0;
		};
		D5AA289B219E408000FB8C2B /* Resources */ = {
			isa = PBXResourcesBuildPhase;
			buildActionMask = 2147483647;
			files = (
				D554C76721A27D9E00182716 /* SpaceShipNine.atlas in Resources */,
				D554C79E21A27DD200182716 /* RedWhiteBullet.atlas in Resources */,
				D554C78821A27DD100182716 /* WhiteShootEffectTwo.atlas in Resources */,
				D554C79C21A27DD200182716 /* RedBulletParticles.atlas in Resources */,
				D58D245821A3DB1000C94609 /* sfx_shieldUp.mp3 in Resources */,
				D554C76F21A27D9E00182716 /* BossTwo.atlas in Resources */,
				D554C77521A27D9E00182716 /* SpaceShipFour.atlas in Resources */,
				D5AA28C4219E4A8E00FB8C2B /* Starfield.sks in Resources */,
				D554C78A21A27DD100182716 /* GreenBulletParticles.atlas in Resources */,
				D5AA28BD219E49F000FB8C2B /* explosion.mp3 in Resources */,
				D554C77921A27D9E00182716 /* SpaceShipTwo.atlas in Resources */,
				D554C75F21A27D9E00182716 /* BossOne.atlas in Resources */,
				D554C77121A27D9E00182716 /* Rocket.atlas in Resources */,
				D5AA28BB219E49F000FB8C2B /* torpedo.mp3 in Resources */,
				D554C76921A27D9E00182716 /* BossThree.atlas in Resources */,
				D58D245221A3DB1000C94609 /* sfx_twoTone.mp3 in Resources */,
				D554C7A121A27E1700182716 /* Backgrounds.xcassets in Resources */,
				D5CB754A21D3BD3A0011C42A /* HeroShip.atlas in Resources */,
				D554C76521A27D9E00182716 /* SpaceShipSeven.atlas in Resources */,
				D5AA28A5219E408000FB8C2B /* Main.storyboard in Resources */,
				D554C79421A27DD200182716 /* GreenWhiteBullet.atlas in Resources */,
				D554C76B21A27D9E00182716 /* SpaceShipThree.atlas in Resources */,
				D554C77721A27D9E00182716 /* SpaceShipEight.atlas in Resources */,
				D554C76D21A27D9E00182716 /* SpaceShipSix.atlas in Resources */,
				D554C79621A27DD200182716 /* WhiteShootEffect.atlas in Resources */,
				D554C79A21A27DD200182716 /* Explosion.atlas in Resources */,
				D5AA28C6219E4A8E00FB8C2B /* Explosion.sks in Resources */,
				D554C76121A27D9E00182716 /* BossFour.atlas in Resources */,
				D554C78C21A27DD100182716 /* YellowShoot.atlas in Resources */,
				D5AA28AE219E408000FB8C2B /* GameAssets.xcassets in Resources */,
				D554C77321A27D9E00182716 /* SpaceShipOne.atlas in Resources */,
				D554C78E21A27DD100182716 /* BigCollisionEffect.atlas in Resources */,
				D554C79821A27DD200182716 /* GreenShoot.atlas in Resources */,
				D58D244921A3D09D00C94609 /* Thruster.sks in Resources */,
				D58D245421A3DB1000C94609 /* sfx_zap.mp3 in Resources */,
				D5AA28A8219E408000FB8C2B /* Actions.sks in Resources */,
				D538719E21D3C3DD0028B8EB /* CartoonExplosion.sks in Resources */,
				D58D245621A3DB1000C94609 /* sfx_shieldDown.mp3 in Resources */,
				D554C76321A27D9E00182716 /* SpaceShipFive.atlas in Resources */,
				D5AA28CF219E74AB00FB8C2B /* MenuScene.sks in Resources */,
				D58D245A21A3DB1000C94609 /* sfx_lose.mp3 in Resources */,
				D554C79221A27DD200182716 /* Coin.atlas in Resources */,
				D554C79021A27DD200182716 /* EnergyField.atlas in Resources */,
			);
			runOnlyForDeploymentPostprocessing = 0;
		};
/* End PBXResourcesBuildPhase section */

/* Begin PBXSourcesBuildPhase section */
		D5AA2887219E408000FB8C2B /* Sources */ = {
			isa = PBXSourcesBuildPhase;
			buildActionMask = 2147483647;
			files = (
				D53F472C21A127C900672A42 /* TeamComponent.swift in Sources */,
				D554C7B521A283B100182716 /* TextureAsset.swift in Sources */,
				D5641EAF21A50F780029EB60 /* Scenes.swift in Sources */,
				D528989221AF93F300AEFC97 /* Enemy2.swift in Sources */,
				D53F472621A1228C00672A42 /* EntityManager.swift in Sources */,
				D5AA28AB219E408000FB8C2B /* GameScene.swift in Sources */,
				D554C71121A2332B00182716 /* TouchComponent.swift in Sources */,
				D5641EA921A3EDFE0029EB60 /* AnimatedEffectNode.swift in Sources */,
				D53F473021A133F000672A42 /* Projectile.swift in Sources */,
				D5E2FBAA21ACFC910040AC80 /* EnemyWaveCreator.swift in Sources */,
				D5E2FBAE21AD20A40040AC80 /* Level1.swift in Sources */,
				D554C72121A266BC00182716 /* EntityWithSpriteComponent.swift in Sources */,
				D554C7C621A2B04F00182716 /* TouchEventDelegate.swift in Sources */,
				D554C71E21A25D9B00182716 /* NodeComponent.swift in Sources */,
				D5AA28D1219E77D500FB8C2B /* MenuScene.swift in Sources */,
				D554C71821A2506A00182716 /* EnemyManager.swift in Sources */,
				D53F472221A1036900672A42 /* PhysicsType.swift in Sources */,
				D53F472921A1277300672A42 /* FiringComponent.swift in Sources */,
				D5AA2891219E408000FB8C2B /* GameViewController.swift in Sources */,
				D5AA28D4219E7B9500FB8C2B /* VectorMath.swift in Sources */,
				D554C71B21A25A8A00182716 /* Explosion.swift in Sources */,
				D554C7B221A2809600182716 /* AnimatedSpriteComponent.swift in Sources */,
				D554C71521A24A6400182716 /* Enemy1.swift in Sources */,
				D53F46FC219FFC3500672A42 /* Player.swift in Sources */,
				D554C7B821A2841B00182716 /* SoundAsset.swift in Sources */,
				D5AA288F219E408000FB8C2B /* AppDelegate.swift in Sources */,
				D5641EAC21A4FDAF0029EB60 /* GameState.swift in Sources */,
				D53F470021A0C96B00672A42 /* GeometryHelpers.swift in Sources */,
			);
			runOnlyForDeploymentPostprocessing = 0;
		};
		D5AA2899219E408000FB8C2B /* Sources */ = {
			isa = PBXSourcesBuildPhase;
			buildActionMask = 2147483647;
			files = (
				D528989321AF93F300AEFC97 /* Enemy2.swift in Sources */,
				D5E2FBAF21AD20A40040AC80 /* Level1.swift in Sources */,
				D554C72221A266BC00182716 /* EntityWithSpriteComponent.swift in Sources */,
				D53F472721A1228C00672A42 /* EntityManager.swift in Sources */,
				D5AA28AC219E408000FB8C2B /* GameScene.swift in Sources */,
				D5AA28D2219E77D500FB8C2B /* MenuScene.swift in Sources */,
				D5641EB021A50F780029EB60 /* Scenes.swift in Sources */,
				D554C71621A24A6400182716 /* Enemy1.swift in Sources */,
				D554C7B921A2841B00182716 /* SoundAsset.swift in Sources */,
				D53F473121A133F000672A42 /* Projectile.swift in Sources */,
				D5AA28A2219E408000FB8C2B /* GameViewController.swift in Sources */,
				D5E2FBAB21ACFC910040AC80 /* EnemyWaveCreator.swift in Sources */,
				D5AA28D5219E7B9500FB8C2B /* VectorMath.swift in Sources */,
				D53F46FD219FFC3500672A42 /* Player.swift in Sources */,
				D554C7B321A2809600182716 /* AnimatedSpriteComponent.swift in Sources */,
				D554C71F21A25D9B00182716 /* NodeComponent.swift in Sources */,
				D5AA28D8219E87E500FB8C2B /* Keyboard.swift in Sources */,
				D53F472321A1036900672A42 /* PhysicsType.swift in Sources */,
				D5AA28A0219E408000FB8C2B /* AppDelegate.swift in Sources */,
				D554C7B621A283B100182716 /* TextureAsset.swift in Sources */,
				D5641EAA21A3EDFE0029EB60 /* AnimatedEffectNode.swift in Sources */,
				D554C71321A2334200182716 /* KeyboardComponent.swift in Sources */,
				D554C71C21A25A8A00182716 /* Explosion.swift in Sources */,
				D53F472A21A1277300672A42 /* FiringComponent.swift in Sources */,
				D554C71921A2506A00182716 /* EnemyManager.swift in Sources */,
				D5641EAD21A4FDAF0029EB60 /* GameState.swift in Sources */,
				D53F472D21A127C900672A42 /* TeamComponent.swift in Sources */,
				D53F470121A0C96B00672A42 /* GeometryHelpers.swift in Sources */,
			);
			runOnlyForDeploymentPostprocessing = 0;
		};
/* End PBXSourcesBuildPhase section */

/* Begin PBXVariantGroup section */
		D5AA2892219E408000FB8C2B /* Main.storyboard */ = {
			isa = PBXVariantGroup;
			children = (
				D5AA2893219E408000FB8C2B /* Base */,
			);
			name = Main.storyboard;
			sourceTree = "<group>";
		};
		D5AA2895219E408000FB8C2B /* LaunchScreen.storyboard */ = {
			isa = PBXVariantGroup;
			children = (
				D5AA2896219E408000FB8C2B /* Base */,
			);
			name = LaunchScreen.storyboard;
			sourceTree = "<group>";
		};
		D5AA28A3219E408000FB8C2B /* Main.storyboard */ = {
			isa = PBXVariantGroup;
			children = (
				D5AA28A4219E408000FB8C2B /* Base */,
			);
			name = Main.storyboard;
			sourceTree = "<group>";
		};
/* End PBXVariantGroup section */

/* Begin XCBuildConfiguration section */
		D5AA28AF219E408000FB8C2B /* Debug */ = {
			isa = XCBuildConfiguration;
			buildSettings = {
				ALWAYS_SEARCH_USER_PATHS = NO;
				CLANG_ANALYZER_NONNULL = YES;
				CLANG_ANALYZER_NUMBER_OBJECT_CONVERSION = YES_AGGRESSIVE;
				CLANG_CXX_LANGUAGE_STANDARD = "gnu++14";
				CLANG_CXX_LIBRARY = "libc++";
				CLANG_ENABLE_MODULES = YES;
				CLANG_ENABLE_OBJC_ARC = YES;
				CLANG_ENABLE_OBJC_WEAK = YES;
				CLANG_WARN_BLOCK_CAPTURE_AUTORELEASING = YES;
				CLANG_WARN_BOOL_CONVERSION = YES;
				CLANG_WARN_COMMA = YES;
				CLANG_WARN_CONSTANT_CONVERSION = YES;
				CLANG_WARN_DEPRECATED_OBJC_IMPLEMENTATIONS = YES;
				CLANG_WARN_DIRECT_OBJC_ISA_USAGE = YES_ERROR;
				CLANG_WARN_DOCUMENTATION_COMMENTS = YES;
				CLANG_WARN_EMPTY_BODY = YES;
				CLANG_WARN_ENUM_CONVERSION = YES;
				CLANG_WARN_INFINITE_RECURSION = YES;
				CLANG_WARN_INT_CONVERSION = YES;
				CLANG_WARN_NON_LITERAL_NULL_CONVERSION = YES;
				CLANG_WARN_OBJC_IMPLICIT_RETAIN_SELF = YES;
				CLANG_WARN_OBJC_LITERAL_CONVERSION = YES;
				CLANG_WARN_OBJC_ROOT_CLASS = YES_ERROR;
				CLANG_WARN_RANGE_LOOP_ANALYSIS = YES;
				CLANG_WARN_STRICT_PROTOTYPES = YES;
				CLANG_WARN_SUSPICIOUS_MOVE = YES;
				CLANG_WARN_UNGUARDED_AVAILABILITY = YES_AGGRESSIVE;
				CLANG_WARN_UNREACHABLE_CODE = YES;
				CLANG_WARN__DUPLICATE_METHOD_MATCH = YES;
				COPY_PHASE_STRIP = NO;
				DEBUG_INFORMATION_FORMAT = dwarf;
				ENABLE_STRICT_OBJC_MSGSEND = YES;
				ENABLE_TESTABILITY = YES;
				GCC_C_LANGUAGE_STANDARD = gnu11;
				GCC_DYNAMIC_NO_PIC = NO;
				GCC_NO_COMMON_BLOCKS = YES;
				GCC_OPTIMIZATION_LEVEL = 0;
				GCC_PREPROCESSOR_DEFINITIONS = (
					"DEBUG=1",
					"$(inherited)",
				);
				GCC_WARN_64_TO_32_BIT_CONVERSION = YES;
				GCC_WARN_ABOUT_RETURN_TYPE = YES_ERROR;
				GCC_WARN_UNDECLARED_SELECTOR = YES;
				GCC_WARN_UNINITIALIZED_AUTOS = YES_AGGRESSIVE;
				GCC_WARN_UNUSED_FUNCTION = YES;
				GCC_WARN_UNUSED_VARIABLE = YES;
				MTL_ENABLE_DEBUG_INFO = INCLUDE_SOURCE;
				MTL_FAST_MATH = YES;
				ONLY_ACTIVE_ARCH = YES;
				SWIFT_ACTIVE_COMPILATION_CONDITIONS = DEBUG;
				SWIFT_OPTIMIZATION_LEVEL = "-Onone";
			};
			name = Debug;
		};
		D5AA28B0219E408000FB8C2B /* Release */ = {
			isa = XCBuildConfiguration;
			buildSettings = {
				ALWAYS_SEARCH_USER_PATHS = NO;
				CLANG_ANALYZER_NONNULL = YES;
				CLANG_ANALYZER_NUMBER_OBJECT_CONVERSION = YES_AGGRESSIVE;
				CLANG_CXX_LANGUAGE_STANDARD = "gnu++14";
				CLANG_CXX_LIBRARY = "libc++";
				CLANG_ENABLE_MODULES = YES;
				CLANG_ENABLE_OBJC_ARC = YES;
				CLANG_ENABLE_OBJC_WEAK = YES;
				CLANG_WARN_BLOCK_CAPTURE_AUTORELEASING = YES;
				CLANG_WARN_BOOL_CONVERSION = YES;
				CLANG_WARN_COMMA = YES;
				CLANG_WARN_CONSTANT_CONVERSION = YES;
				CLANG_WARN_DEPRECATED_OBJC_IMPLEMENTATIONS = YES;
				CLANG_WARN_DIRECT_OBJC_ISA_USAGE = YES_ERROR;
				CLANG_WARN_DOCUMENTATION_COMMENTS = YES;
				CLANG_WARN_EMPTY_BODY = YES;
				CLANG_WARN_ENUM_CONVERSION = YES;
				CLANG_WARN_INFINITE_RECURSION = YES;
				CLANG_WARN_INT_CONVERSION = YES;
				CLANG_WARN_NON_LITERAL_NULL_CONVERSION = YES;
				CLANG_WARN_OBJC_IMPLICIT_RETAIN_SELF = YES;
				CLANG_WARN_OBJC_LITERAL_CONVERSION = YES;
				CLANG_WARN_OBJC_ROOT_CLASS = YES_ERROR;
				CLANG_WARN_RANGE_LOOP_ANALYSIS = YES;
				CLANG_WARN_STRICT_PROTOTYPES = YES;
				CLANG_WARN_SUSPICIOUS_MOVE = YES;
				CLANG_WARN_UNGUARDED_AVAILABILITY = YES_AGGRESSIVE;
				CLANG_WARN_UNREACHABLE_CODE = YES;
				CLANG_WARN__DUPLICATE_METHOD_MATCH = YES;
				COPY_PHASE_STRIP = NO;
				DEBUG_INFORMATION_FORMAT = "dwarf-with-dsym";
				ENABLE_NS_ASSERTIONS = NO;
				ENABLE_STRICT_OBJC_MSGSEND = YES;
				GCC_C_LANGUAGE_STANDARD = gnu11;
				GCC_NO_COMMON_BLOCKS = YES;
				GCC_WARN_64_TO_32_BIT_CONVERSION = YES;
				GCC_WARN_ABOUT_RETURN_TYPE = YES_ERROR;
				GCC_WARN_UNDECLARED_SELECTOR = YES;
				GCC_WARN_UNINITIALIZED_AUTOS = YES_AGGRESSIVE;
				GCC_WARN_UNUSED_FUNCTION = YES;
				GCC_WARN_UNUSED_VARIABLE = YES;
				MTL_ENABLE_DEBUG_INFO = NO;
				MTL_FAST_MATH = YES;
				SWIFT_COMPILATION_MODE = wholemodule;
				SWIFT_OPTIMIZATION_LEVEL = "-O";
			};
			name = Release;
		};
		D5AA28B2219E408000FB8C2B /* Debug */ = {
			isa = XCBuildConfiguration;
			buildSettings = {
				ASSETCATALOG_COMPILER_APPICON_NAME = AppIcon;
				CODE_SIGN_IDENTITY = "iPhone Developer";
				CODE_SIGN_STYLE = Automatic;
				DEVELOPMENT_TEAM = 599G9R4TT4;
				INFOPLIST_FILE = "RavenX2 iOS/Info.plist";
				IPHONEOS_DEPLOYMENT_TARGET = 12.1;
				LD_RUNPATH_SEARCH_PATHS = (
					"$(inherited)",
					"@executable_path/Frameworks",
				);
				PRODUCT_BUNDLE_IDENTIFIER = com.daveidol.RavenX2;
				PRODUCT_NAME = RavenX2;
				SDKROOT = iphoneos;
				SWIFT_VERSION = 4.2;
				TARGETED_DEVICE_FAMILY = 1;
			};
			name = Debug;
		};
		D5AA28B3219E408000FB8C2B /* Release */ = {
			isa = XCBuildConfiguration;
			buildSettings = {
				ASSETCATALOG_COMPILER_APPICON_NAME = AppIcon;
				CODE_SIGN_IDENTITY = "iPhone Developer";
				CODE_SIGN_STYLE = Automatic;
				DEVELOPMENT_TEAM = 599G9R4TT4;
				INFOPLIST_FILE = "RavenX2 iOS/Info.plist";
				IPHONEOS_DEPLOYMENT_TARGET = 12.1;
				LD_RUNPATH_SEARCH_PATHS = (
					"$(inherited)",
					"@executable_path/Frameworks",
				);
				PRODUCT_BUNDLE_IDENTIFIER = com.daveidol.RavenX2;
				PRODUCT_NAME = RavenX2;
				SDKROOT = iphoneos;
				SWIFT_VERSION = 4.2;
				TARGETED_DEVICE_FAMILY = 1;
				VALIDATE_PRODUCT = YES;
			};
			name = Release;
		};
		D5AA28B5219E408000FB8C2B /* Debug */ = {
			isa = XCBuildConfiguration;
			buildSettings = {
				ASSETCATALOG_COMPILER_APPICON_NAME = AppIcon;
				CODE_SIGN_IDENTITY = "-";
				CODE_SIGN_STYLE = Automatic;
				COMBINE_HIDPI_IMAGES = YES;
				DEVELOPMENT_TEAM = 599G9R4TT4;
				INFOPLIST_FILE = "RavenX2 macOS/Info.plist";
				LD_RUNPATH_SEARCH_PATHS = (
					"$(inherited)",
					"@executable_path/../Frameworks",
				);
				MACOSX_DEPLOYMENT_TARGET = 10.14;
				PRODUCT_BUNDLE_IDENTIFIER = com.daveidol.RavenX2;
				PRODUCT_NAME = RavenX2;
				SDKROOT = macosx;
				SWIFT_VERSION = 4.2;
			};
			name = Debug;
		};
		D5AA28B6219E408000FB8C2B /* Release */ = {
			isa = XCBuildConfiguration;
			buildSettings = {
				ASSETCATALOG_COMPILER_APPICON_NAME = AppIcon;
				CODE_SIGN_IDENTITY = "-";
				CODE_SIGN_STYLE = Automatic;
				COMBINE_HIDPI_IMAGES = YES;
				DEVELOPMENT_TEAM = 599G9R4TT4;
				INFOPLIST_FILE = "RavenX2 macOS/Info.plist";
				LD_RUNPATH_SEARCH_PATHS = (
					"$(inherited)",
					"@executable_path/../Frameworks",
				);
				MACOSX_DEPLOYMENT_TARGET = 10.14;
				PRODUCT_BUNDLE_IDENTIFIER = com.daveidol.RavenX2;
				PRODUCT_NAME = RavenX2;
				SDKROOT = macosx;
				SWIFT_VERSION = 4.2;
			};
			name = Release;
		};
/* End XCBuildConfiguration section */

/* Begin XCConfigurationList section */
		D5AA2881219E407F00FB8C2B /* Build configuration list for PBXProject "RavenX2" */ = {
			isa = XCConfigurationList;
			buildConfigurations = (
				D5AA28AF219E408000FB8C2B /* Debug */,
				D5AA28B0219E408000FB8C2B /* Release */,
			);
			defaultConfigurationIsVisible = 0;
			defaultConfigurationName = Release;
		};
		D5AA28B1219E408000FB8C2B /* Build configuration list for PBXNativeTarget "RavenX2 iOS" */ = {
			isa = XCConfigurationList;
			buildConfigurations = (
				D5AA28B2219E408000FB8C2B /* Debug */,
				D5AA28B3219E408000FB8C2B /* Release */,
			);
			defaultConfigurationIsVisible = 0;
			defaultConfigurationName = Release;
		};
		D5AA28B4219E408000FB8C2B /* Build configuration list for PBXNativeTarget "RavenX2 macOS" */ = {
			isa = XCConfigurationList;
			buildConfigurations = (
				D5AA28B5219E408000FB8C2B /* Debug */,
				D5AA28B6219E408000FB8C2B /* Release */,
			);
			defaultConfigurationIsVisible = 0;
			defaultConfigurationName = Release;
		};
/* End XCConfigurationList section */
	};
	rootObject = D5AA287E219E407F00FB8C2B /* Project object */;
}
