// !$*UTF8*$!
{
	archiveVersion = 1;
	classes = {
	};
	objectVersion = 50;
	objects = {

/* Begin PBXBuildFile section */
		D5AA288F219E408000FB8C2B /* AppDelegate.swift in Sources */ = {isa = PBXBuildFile; fileRef = D5AA288E219E408000FB8C2B /* AppDelegate.swift */; };
		D5AA2891219E408000FB8C2B /* GameViewController.swift in Sources */ = {isa = PBXBuildFile; fileRef = D5AA2890219E408000FB8C2B /* GameViewController.swift */; };
		D5AA2894219E408000FB8C2B /* Main.storyboard in Resources */ = {isa = PBXBuildFile; fileRef = D5AA2892219E408000FB8C2B /* Main.storyboard */; };
		D5AA2897219E408000FB8C2B /* LaunchScreen.storyboard in Resources */ = {isa = PBXBuildFile; fileRef = D5AA2895219E408000FB8C2B /* LaunchScreen.storyboard */; };
		D5AA28A0219E408000FB8C2B /* AppDelegate.swift in Sources */ = {isa = PBXBuildFile; fileRef = D5AA289F219E408000FB8C2B /* AppDelegate.swift */; };
		D5AA28A2219E408000FB8C2B /* GameViewController.swift in Sources */ = {isa = PBXBuildFile; fileRef = D5AA28A1219E408000FB8C2B /* GameViewController.swift */; };
		D5AA28A5219E408000FB8C2B /* Main.storyboard in Resources */ = {isa = PBXBuildFile; fileRef = D5AA28A3219E408000FB8C2B /* Main.storyboard */; };
		D5AA28A7219E408000FB8C2B /* Actions.sks in Resources */ = {isa = PBXBuildFile; fileRef = D5AA2883219E407F00FB8C2B /* Actions.sks */; };
		D5AA28A8219E408000FB8C2B /* Actions.sks in Resources */ = {isa = PBXBuildFile; fileRef = D5AA2883219E407F00FB8C2B /* Actions.sks */; };
		D5AA28A9219E408000FB8C2B /* GameScene.sks in Resources */ = {isa = PBXBuildFile; fileRef = D5AA2884219E407F00FB8C2B /* GameScene.sks */; };
		D5AA28AA219E408000FB8C2B /* GameScene.sks in Resources */ = {isa = PBXBuildFile; fileRef = D5AA2884219E407F00FB8C2B /* GameScene.sks */; };
		D5AA28AB219E408000FB8C2B /* GameScene.swift in Sources */ = {isa = PBXBuildFile; fileRef = D5AA2885219E407F00FB8C2B /* GameScene.swift */; };
		D5AA28AC219E408000FB8C2B /* GameScene.swift in Sources */ = {isa = PBXBuildFile; fileRef = D5AA2885219E407F00FB8C2B /* GameScene.swift */; };
		D5AA28AD219E408000FB8C2B /* Assets.xcassets in Resources */ = {isa = PBXBuildFile; fileRef = D5AA2886219E408000FB8C2B /* Assets.xcassets */; };
		D5AA28AE219E408000FB8C2B /* Assets.xcassets in Resources */ = {isa = PBXBuildFile; fileRef = D5AA2886219E408000FB8C2B /* Assets.xcassets */; };
/* End PBXBuildFile section */

/* Begin PBXFileReference section */
		D5AA2883219E407F00FB8C2B /* Actions.sks */ = {isa = PBXFileReference; lastKnownFileType = file.sks; path = Actions.sks; sourceTree = "<group>"; };
		D5AA2884219E407F00FB8C2B /* GameScene.sks */ = {isa = PBXFileReference; lastKnownFileType = file.sks; path = GameScene.sks; sourceTree = "<group>"; };
		D5AA2885219E407F00FB8C2B /* GameScene.swift */ = {isa = PBXFileReference; lastKnownFileType = sourcecode.swift; path = GameScene.swift; sourceTree = "<group>"; };
		D5AA2886219E408000FB8C2B /* Assets.xcassets */ = {isa = PBXFileReference; lastKnownFileType = folder.assetcatalog; path = Assets.xcassets; sourceTree = "<group>"; };
		D5AA288B219E408000FB8C2B /* RavenX2.app */ = {isa = PBXFileReference; explicitFileType = wrapper.application; includeInIndex = 0; path = RavenX2.app; sourceTree = BUILT_PRODUCTS_DIR; };
		D5AA288E219E408000FB8C2B /* AppDelegate.swift */ = {isa = PBXFileReference; lastKnownFileType = sourcecode.swift; path = AppDelegate.swift; sourceTree = "<group>"; };
		D5AA2890219E408000FB8C2B /* GameViewController.swift */ = {isa = PBXFileReference; lastKnownFileType = sourcecode.swift; path = GameViewController.swift; sourceTree = "<group>"; };
		D5AA2893219E408000FB8C2B /* Base */ = {isa = PBXFileReference; lastKnownFileType = file.storyboard; name = Base; path = Base.lproj/Main.storyboard; sourceTree = "<group>"; };
		D5AA2896219E408000FB8C2B /* Base */ = {isa = PBXFileReference; lastKnownFileType = file.storyboard; name = Base; path = Base.lproj/LaunchScreen.storyboard; sourceTree = "<group>"; };
		D5AA2898219E408000FB8C2B /* Info.plist */ = {isa = PBXFileReference; lastKnownFileType = text.plist.xml; path = Info.plist; sourceTree = "<group>"; };
		D5AA289D219E408000FB8C2B /* RavenX2.app */ = {isa = PBXFileReference; explicitFileType = wrapper.application; includeInIndex = 0; path = RavenX2.app; sourceTree = BUILT_PRODUCTS_DIR; };
		D5AA289F219E408000FB8C2B /* AppDelegate.swift */ = {isa = PBXFileReference; lastKnownFileType = sourcecode.swift; path = AppDelegate.swift; sourceTree = "<group>"; };
		D5AA28A1219E408000FB8C2B /* GameViewController.swift */ = {isa = PBXFileReference; lastKnownFileType = sourcecode.swift; path = GameViewController.swift; sourceTree = "<group>"; };
		D5AA28A4219E408000FB8C2B /* Base */ = {isa = PBXFileReference; lastKnownFileType = file.storyboard; name = Base; path = Base.lproj/Main.storyboard; sourceTree = "<group>"; };
		D5AA28A6219E408000FB8C2B /* Info.plist */ = {isa = PBXFileReference; lastKnownFileType = text.plist.xml; path = Info.plist; sourceTree = "<group>"; };
/* End PBXFileReference section */

/* Begin PBXFrameworksBuildPhase section */
		D5AA2888219E408000FB8C2B /* Frameworks */ = {
			isa = PBXFrameworksBuildPhase;
			buildActionMask = 2147483647;
			files = (
			);
			runOnlyForDeploymentPostprocessing = 0;
		};
		D5AA289A219E408000FB8C2B /* Frameworks */ = {
			isa = PBXFrameworksBuildPhase;
			buildActionMask = 2147483647;
			files = (
			);
			runOnlyForDeploymentPostprocessing = 0;
		};
/* End PBXFrameworksBuildPhase section */

/* Begin PBXGroup section */
		D5AA287D219E407F00FB8C2B = {
			isa = PBXGroup;
			children = (
				D5AA2882219E407F00FB8C2B /* RavenX2 Shared */,
				D5AA288D219E408000FB8C2B /* RavenX2 iOS */,
				D5AA289E219E408000FB8C2B /* RavenX2 macOS */,
				D5AA288C219E408000FB8C2B /* Products */,
			);
			sourceTree = "<group>";
		};
		D5AA2882219E407F00FB8C2B /* RavenX2 Shared */ = {
			isa = PBXGroup;
			children = (
				D5AA2883219E407F00FB8C2B /* Actions.sks */,
				D5AA2884219E407F00FB8C2B /* GameScene.sks */,
				D5AA2885219E407F00FB8C2B /* GameScene.swift */,
				D5AA2886219E408000FB8C2B /* Assets.xcassets */,
			);
			path = "RavenX2 Shared";
			sourceTree = "<group>";
		};
		D5AA288C219E408000FB8C2B /* Products */ = {
			isa = PBXGroup;
			children = (
				D5AA288B219E408000FB8C2B /* RavenX2.app */,
				D5AA289D219E408000FB8C2B /* RavenX2.app */,
			);
			name = Products;
			sourceTree = "<group>";
		};
		D5AA288D219E408000FB8C2B /* RavenX2 iOS */ = {
			isa = PBXGroup;
			children = (
				D5AA288E219E408000FB8C2B /* AppDelegate.swift */,
				D5AA2890219E408000FB8C2B /* GameViewController.swift */,
				D5AA2892219E408000FB8C2B /* Main.storyboard */,
				D5AA2895219E408000FB8C2B /* LaunchScreen.storyboard */,
				D5AA2898219E408000FB8C2B /* Info.plist */,
			);
			path = "RavenX2 iOS";
			sourceTree = "<group>";
		};
		D5AA289E219E408000FB8C2B /* RavenX2 macOS */ = {
			isa = PBXGroup;
			children = (
				D5AA289F219E408000FB8C2B /* AppDelegate.swift */,
				D5AA28A1219E408000FB8C2B /* GameViewController.swift */,
				D5AA28A3219E408000FB8C2B /* Main.storyboard */,
				D5AA28A6219E408000FB8C2B /* Info.plist */,
			);
			path = "RavenX2 macOS";
			sourceTree = "<group>";
		};
/* End PBXGroup section */

/* Begin PBXNativeTarget section */
		D5AA288A219E408000FB8C2B /* RavenX2 iOS */ = {
			isa = PBXNativeTarget;
			buildConfigurationList = D5AA28B1219E408000FB8C2B /* Build configuration list for PBXNativeTarget "RavenX2 iOS" */;
			buildPhases = (
				D5AA2887219E408000FB8C2B /* Sources */,
				D5AA2888219E408000FB8C2B /* Frameworks */,
				D5AA2889219E408000FB8C2B /* Resources */,
			);
			buildRules = (
			);
			dependencies = (
			);
			name = "RavenX2 iOS";
			productName = "RavenX2 iOS";
			productReference = D5AA288B219E408000FB8C2B /* RavenX2.app */;
			productType = "com.apple.product-type.application";
		};
		D5AA289C219E408000FB8C2B /* RavenX2 macOS */ = {
			isa = PBXNativeTarget;
			buildConfigurationList = D5AA28B4219E408000FB8C2B /* Build configuration list for PBXNativeTarget "RavenX2 macOS" */;
			buildPhases = (
				D5AA2899219E408000FB8C2B /* Sources */,
				D5AA289A219E408000FB8C2B /* Frameworks */,
				D5AA289B219E408000FB8C2B /* Resources */,
			);
			buildRules = (
			);
			dependencies = (
			);
			name = "RavenX2 macOS";
			productName = "RavenX2 macOS";
			productReference = D5AA289D219E408000FB8C2B /* RavenX2.app */;
			productType = "com.apple.product-type.application";
		};
/* End PBXNativeTarget section */

/* Begin PBXProject section */
		D5AA287E219E407F00FB8C2B /* Project object */ = {
			isa = PBXProject;
			attributes = {
				LastSwiftUpdateCheck = 1010;
				LastUpgradeCheck = 1010;
				ORGANIZATIONNAME = "David Idol";
				TargetAttributes = {
					D5AA288A219E408000FB8C2B = {
						CreatedOnToolsVersion = 10.1;
					};
					D5AA289C219E408000FB8C2B = {
						CreatedOnToolsVersion = 10.1;
					};
				};
			};
			buildConfigurationList = D5AA2881219E407F00FB8C2B /* Build configuration list for PBXProject "RavenX2" */;
			compatibilityVersion = "Xcode 9.3";
			developmentRegion = en;
			hasScannedForEncodings = 0;
			knownRegions = (
				en,
				Base,
			);
			mainGroup = D5AA287D219E407F00FB8C2B;
			productRefGroup = D5AA288C219E408000FB8C2B /* Products */;
			projectDirPath = "";
			projectRoot = "";
			targets = (
				D5AA288A219E408000FB8C2B /* RavenX2 iOS */,
				D5AA289C219E408000FB8C2B /* RavenX2 macOS */,
			);
		};
/* End PBXProject section */

/* Begin PBXResourcesBuildPhase section */
		D5AA2889219E408000FB8C2B /* Resources */ = {
			isa = PBXResourcesBuildPhase;
			buildActionMask = 2147483647;
			files = (
				D5AA28A9219E408000FB8C2B /* GameScene.sks in Resources */,
				D5AA2894219E408000FB8C2B /* Main.storyboard in Resources */,
				D5AA28A7219E408000FB8C2B /* Actions.sks in Resources */,
				D5AA2897219E408000FB8C2B /* LaunchScreen.storyboard in Resources */,
				D5AA28AD219E408000FB8C2B /* Assets.xcassets in Resources */,
			);
			runOnlyForDeploymentPostprocessing = 0;
		};
		D5AA289B219E408000FB8C2B /* Resources */ = {
			isa = PBXResourcesBuildPhase;
			buildActionMask = 2147483647;
			files = (
				D5AA28A5219E408000FB8C2B /* Main.storyboard in Resources */,
				D5AA28AA219E408000FB8C2B /* GameScene.sks in Resources */,
				D5AA28AE219E408000FB8C2B /* Assets.xcassets in Resources */,
				D5AA28A8219E408000FB8C2B /* Actions.sks in Resources */,
			);
			runOnlyForDeploymentPostprocessing = 0;
		};
/* End PBXResourcesBuildPhase section */

/* Begin PBXSourcesBuildPhase section */
		D5AA2887219E408000FB8C2B /* Sources */ = {
			isa = PBXSourcesBuildPhase;
			buildActionMask = 2147483647;
			files = (
				D5AA28AB219E408000FB8C2B /* GameScene.swift in Sources */,
				D5AA2891219E408000FB8C2B /* GameViewController.swift in Sources */,
				D5AA288F219E408000FB8C2B /* AppDelegate.swift in Sources */,
			);
			runOnlyForDeploymentPostprocessing = 0;
		};
		D5AA2899219E408000FB8C2B /* Sources */ = {
			isa = PBXSourcesBuildPhase;
			buildActionMask = 2147483647;
			files = (
				D5AA28AC219E408000FB8C2B /* GameScene.swift in Sources */,
				D5AA28A2219E408000FB8C2B /* GameViewController.swift in Sources */,
				D5AA28A0219E408000FB8C2B /* AppDelegate.swift in Sources */,
			);
			runOnlyForDeploymentPostprocessing = 0;
		};
/* End PBXSourcesBuildPhase section */

/* Begin PBXVariantGroup section */
		D5AA2892219E408000FB8C2B /* Main.storyboard */ = {
			isa = PBXVariantGroup;
			children = (
				D5AA2893219E408000FB8C2B /* Base */,
			);
			name = Main.storyboard;
			sourceTree = "<group>";
		};
		D5AA2895219E408000FB8C2B /* LaunchScreen.storyboard */ = {
			isa = PBXVariantGroup;
			children = (
				D5AA2896219E408000FB8C2B /* Base */,
			);
			name = LaunchScreen.storyboard;
			sourceTree = "<group>";
		};
		D5AA28A3219E408000FB8C2B /* Main.storyboard */ = {
			isa = PBXVariantGroup;
			children = (
				D5AA28A4219E408000FB8C2B /* Base */,
			);
			name = Main.storyboard;
			sourceTree = "<group>";
		};
/* End PBXVariantGroup section */

/* Begin XCBuildConfiguration section */
		D5AA28AF219E408000FB8C2B /* Debug */ = {
			isa = XCBuildConfiguration;
			buildSettings = {
				ALWAYS_SEARCH_USER_PATHS = NO;
				CLANG_ANALYZER_NONNULL = YES;
				CLANG_ANALYZER_NUMBER_OBJECT_CONVERSION = YES_AGGRESSIVE;
				CLANG_CXX_LANGUAGE_STANDARD = "gnu++14";
				CLANG_CXX_LIBRARY = "libc++";
				CLANG_ENABLE_MODULES = YES;
				CLANG_ENABLE_OBJC_ARC = YES;
				CLANG_ENABLE_OBJC_WEAK = YES;
				CLANG_WARN_BLOCK_CAPTURE_AUTORELEASING = YES;
				CLANG_WARN_BOOL_CONVERSION = YES;
				CLANG_WARN_COMMA = YES;
				CLANG_WARN_CONSTANT_CONVERSION = YES;
				CLANG_WARN_DEPRECATED_OBJC_IMPLEMENTATIONS = YES;
				CLANG_WARN_DIRECT_OBJC_ISA_USAGE = YES_ERROR;
				CLANG_WARN_DOCUMENTATION_COMMENTS = YES;
				CLANG_WARN_EMPTY_BODY = YES;
				CLANG_WARN_ENUM_CONVERSION = YES;
				CLANG_WARN_INFINITE_RECURSION = YES;
				CLANG_WARN_INT_CONVERSION = YES;
				CLANG_WARN_NON_LITERAL_NULL_CONVERSION = YES;
				CLANG_WARN_OBJC_IMPLICIT_RETAIN_SELF = YES;
				CLANG_WARN_OBJC_LITERAL_CONVERSION = YES;
				CLANG_WARN_OBJC_ROOT_CLASS = YES_ERROR;
				CLANG_WARN_RANGE_LOOP_ANALYSIS = YES;
				CLANG_WARN_STRICT_PROTOTYPES = YES;
				CLANG_WARN_SUSPICIOUS_MOVE = YES;
				CLANG_WARN_UNGUARDED_AVAILABILITY = YES_AGGRESSIVE;
				CLANG_WARN_UNREACHABLE_CODE = YES;
				CLANG_WARN__DUPLICATE_METHOD_MATCH = YES;
				COPY_PHASE_STRIP = NO;
				DEBUG_INFORMATION_FORMAT = dwarf;
				ENABLE_STRICT_OBJC_MSGSEND = YES;
				ENABLE_TESTABILITY = YES;
				GCC_C_LANGUAGE_STANDARD = gnu11;
				GCC_DYNAMIC_NO_PIC = NO;
				GCC_NO_COMMON_BLOCKS = YES;
				GCC_OPTIMIZATION_LEVEL = 0;
				GCC_PREPROCESSOR_DEFINITIONS = (
					"DEBUG=1",
					"$(inherited)",
				);
				GCC_WARN_64_TO_32_BIT_CONVERSION = YES;
				GCC_WARN_ABOUT_RETURN_TYPE = YES_ERROR;
				GCC_WARN_UNDECLARED_SELECTOR = YES;
				GCC_WARN_UNINITIALIZED_AUTOS = YES_AGGRESSIVE;
				GCC_WARN_UNUSED_FUNCTION = YES;
				GCC_WARN_UNUSED_VARIABLE = YES;
				MTL_ENABLE_DEBUG_INFO = INCLUDE_SOURCE;
				MTL_FAST_MATH = YES;
				ONLY_ACTIVE_ARCH = YES;
				SWIFT_ACTIVE_COMPILATION_CONDITIONS = DEBUG;
				SWIFT_OPTIMIZATION_LEVEL = "-Onone";
			};
			name = Debug;
		};
		D5AA28B0219E408000FB8C2B /* Release */ = {
			isa = XCBuildConfiguration;
			buildSettings = {
				ALWAYS_SEARCH_USER_PATHS = NO;
				CLANG_ANALYZER_NONNULL = YES;
				CLANG_ANALYZER_NUMBER_OBJECT_CONVERSION = YES_AGGRESSIVE;
				CLANG_CXX_LANGUAGE_STANDARD = "gnu++14";
				CLANG_CXX_LIBRARY = "libc++";
				CLANG_ENABLE_MODULES = YES;
				CLANG_ENABLE_OBJC_ARC = YES;
				CLANG_ENABLE_OBJC_WEAK = YES;
				CLANG_WARN_BLOCK_CAPTURE_AUTORELEASING = YES;
				CLANG_WARN_BOOL_CONVERSION = YES;
				CLANG_WARN_COMMA = YES;
				CLANG_WARN_CONSTANT_CONVERSION = YES;
				CLANG_WARN_DEPRECATED_OBJC_IMPLEMENTATIONS = YES;
				CLANG_WARN_DIRECT_OBJC_ISA_USAGE = YES_ERROR;
				CLANG_WARN_DOCUMENTATION_COMMENTS = YES;
				CLANG_WARN_EMPTY_BODY = YES;
				CLANG_WARN_ENUM_CONVERSION = YES;
				CLANG_WARN_INFINITE_RECURSION = YES;
				CLANG_WARN_INT_CONVERSION = YES;
				CLANG_WARN_NON_LITERAL_NULL_CONVERSION = YES;
				CLANG_WARN_OBJC_IMPLICIT_RETAIN_SELF = YES;
				CLANG_WARN_OBJC_LITERAL_CONVERSION = YES;
				CLANG_WARN_OBJC_ROOT_CLASS = YES_ERROR;
				CLANG_WARN_RANGE_LOOP_ANALYSIS = YES;
				CLANG_WARN_STRICT_PROTOTYPES = YES;
				CLANG_WARN_SUSPICIOUS_MOVE = YES;
				CLANG_WARN_UNGUARDED_AVAILABILITY = YES_AGGRESSIVE;
				CLANG_WARN_UNREACHABLE_CODE = YES;
				CLANG_WARN__DUPLICATE_METHOD_MATCH = YES;
				COPY_PHASE_STRIP = NO;
				DEBUG_INFORMATION_FORMAT = "dwarf-with-dsym";
				ENABLE_NS_ASSERTIONS = NO;
				ENABLE_STRICT_OBJC_MSGSEND = YES;
				GCC_C_LANGUAGE_STANDARD = gnu11;
				GCC_NO_COMMON_BLOCKS = YES;
				GCC_WARN_64_TO_32_BIT_CONVERSION = YES;
				GCC_WARN_ABOUT_RETURN_TYPE = YES_ERROR;
				GCC_WARN_UNDECLARED_SELECTOR = YES;
				GCC_WARN_UNINITIALIZED_AUTOS = YES_AGGRESSIVE;
				GCC_WARN_UNUSED_FUNCTION = YES;
				GCC_WARN_UNUSED_VARIABLE = YES;
				MTL_ENABLE_DEBUG_INFO = NO;
				MTL_FAST_MATH = YES;
				SWIFT_COMPILATION_MODE = wholemodule;
				SWIFT_OPTIMIZATION_LEVEL = "-O";
			};
			name = Release;
		};
		D5AA28B2219E408000FB8C2B /* Debug */ = {
			isa = XCBuildConfiguration;
			buildSettings = {
				ASSETCATALOG_COMPILER_APPICON_NAME = AppIcon;
				CODE_SIGN_IDENTITY = "iPhone Developer";
				CODE_SIGN_STYLE = Automatic;
				DEVELOPMENT_TEAM = 599G9R4TT4;
				INFOPLIST_FILE = "RavenX2 iOS/Info.plist";
				IPHONEOS_DEPLOYMENT_TARGET = 12.1;
				LD_RUNPATH_SEARCH_PATHS = (
					"$(inherited)",
					"@executable_path/Frameworks",
				);
				PRODUCT_BUNDLE_IDENTIFIER = com.daveidol.RavenX2;
				PRODUCT_NAME = RavenX2;
				SDKROOT = iphoneos;
				SWIFT_VERSION = 4.2;
				TARGETED_DEVICE_FAMILY = "1,2";
			};
			name = Debug;
		};
		D5AA28B3219E408000FB8C2B /* Release */ = {
			isa = XCBuildConfiguration;
			buildSettings = {
				ASSETCATALOG_COMPILER_APPICON_NAME = AppIcon;
				CODE_SIGN_IDENTITY = "iPhone Developer";
				CODE_SIGN_STYLE = Automatic;
				DEVELOPMENT_TEAM = 599G9R4TT4;
				INFOPLIST_FILE = "RavenX2 iOS/Info.plist";
				IPHONEOS_DEPLOYMENT_TARGET = 12.1;
				LD_RUNPATH_SEARCH_PATHS = (
					"$(inherited)",
					"@executable_path/Frameworks",
				);
				PRODUCT_BUNDLE_IDENTIFIER = com.daveidol.RavenX2;
				PRODUCT_NAME = RavenX2;
				SDKROOT = iphoneos;
				SWIFT_VERSION = 4.2;
				TARGETED_DEVICE_FAMILY = "1,2";
				VALIDATE_PRODUCT = YES;
			};
			name = Release;
		};
		D5AA28B5219E408000FB8C2B /* Debug */ = {
			isa = XCBuildConfiguration;
			buildSettings = {
				ASSETCATALOG_COMPILER_APPICON_NAME = AppIcon;
				CODE_SIGN_IDENTITY = "-";
				CODE_SIGN_STYLE = Automatic;
				COMBINE_HIDPI_IMAGES = YES;
				DEVELOPMENT_TEAM = 599G9R4TT4;
				INFOPLIST_FILE = "RavenX2 macOS/Info.plist";
				LD_RUNPATH_SEARCH_PATHS = (
					"$(inherited)",
					"@executable_path/../Frameworks",
				);
				MACOSX_DEPLOYMENT_TARGET = 10.14;
				PRODUCT_BUNDLE_IDENTIFIER = com.daveidol.RavenX2;
				PRODUCT_NAME = RavenX2;
				SDKROOT = macosx;
				SWIFT_VERSION = 4.2;
			};
			name = Debug;
		};
		D5AA28B6219E408000FB8C2B /* Release */ = {
			isa = XCBuildConfiguration;
			buildSettings = {
				ASSETCATALOG_COMPILER_APPICON_NAME = AppIcon;
				CODE_SIGN_IDENTITY = "-";
				CODE_SIGN_STYLE = Automatic;
				COMBINE_HIDPI_IMAGES = YES;
				DEVELOPMENT_TEAM = 599G9R4TT4;
				INFOPLIST_FILE = "RavenX2 macOS/Info.plist";
				LD_RUNPATH_SEARCH_PATHS = (
					"$(inherited)",
					"@executable_path/../Frameworks",
				);
				MACOSX_DEPLOYMENT_TARGET = 10.14;
				PRODUCT_BUNDLE_IDENTIFIER = com.daveidol.RavenX2;
				PRODUCT_NAME = RavenX2;
				SDKROOT = macosx;
				SWIFT_VERSION = 4.2;
			};
			name = Release;
		};
/* End XCBuildConfiguration section */

/* Begin XCConfigurationList section */
		D5AA2881219E407F00FB8C2B /* Build configuration list for PBXProject "RavenX2" */ = {
			isa = XCConfigurationList;
			buildConfigurations = (
				D5AA28AF219E408000FB8C2B /* Debug */,
				D5AA28B0219E408000FB8C2B /* Release */,
			);
			defaultConfigurationIsVisible = 0;
			defaultConfigurationName = Release;
		};
		D5AA28B1219E408000FB8C2B /* Build configuration list for PBXNativeTarget "RavenX2 iOS" */ = {
			isa = XCConfigurationList;
			buildConfigurations = (
				D5AA28B2219E408000FB8C2B /* Debug */,
				D5AA28B3219E408000FB8C2B /* Release */,
			);
			defaultConfigurationIsVisible = 0;
			defaultConfigurationName = Release;
		};
		D5AA28B4219E408000FB8C2B /* Build configuration list for PBXNativeTarget "RavenX2 macOS" */ = {
			isa = XCConfigurationList;
			buildConfigurations = (
				D5AA28B5219E408000FB8C2B /* Debug */,
				D5AA28B6219E408000FB8C2B /* Release */,
			);
			defaultConfigurationIsVisible = 0;
			defaultConfigurationName = Release;
		};
/* End XCConfigurationList section */
	};
	rootObject = D5AA287E219E407F00FB8C2B /* Project object */;
}
